
Microsoft Visual Studio Solution File, Format Version 12.00
# Visual Studio Version 17
VisualStudioVersion = 17.2.32630.192
MinimumVisualStudioVersion = 10.0.40219.1
Project("{9A19103F-16F7-4668-BE54-9A1E7A4F7556}") = "R5T.O0013", "R5T.O0013\R5T.O0013.csproj", "{318A4E2E-F197-4183-ACBF-4CD9833679F0}"
EndProject
Project("{2150E333-8FDC-42A3-9474-1A3956D46DE8}") = "_Dependencies", "_Dependencies", "{621E96A2-8E9A-4B93-B220-ADB204A8AEAC}"
EndProject
Project("{9A19103F-16F7-4668-BE54-9A1E7A4F7556}") = "R5T.F0000", "..\..\R5T.F0000\source\R5T.F0000\R5T.F0000.csproj", "{34779509-E692-41C6-B9FB-E2031690CE1E}"
EndProject
Project("{9A19103F-16F7-4668-BE54-9A1E7A4F7556}") = "R5T.F0002", "..\..\R5T.F0002\source\R5T.F0002\R5T.F0002.csproj", "{46AD9C6C-8F4A-4CBF-A146-532D7FB7C2BC}"
EndProject
Project("{9A19103F-16F7-4668-BE54-9A1E7A4F7556}") = "R5T.F0016.F001", "..\..\R5T.F0016\source\R5T.F0016.F001\R5T.F0016.F001.csproj", "{F75B75F5-4487-4FD1-A872-370B50331977}"
EndProject
Project("{9A19103F-16F7-4668-BE54-9A1E7A4F7556}") = "R5T.F0016", "..\..\R5T.F0016\source\R5T.F0016\R5T.F0016.csproj", "{DFE091DC-617A-417F-AC64-AA81C272659A}"
EndProject
Project("{9A19103F-16F7-4668-BE54-9A1E7A4F7556}") = "R5T.F0019", "..\..\R5T.F0019\source\R5T.F0019\R5T.F0019.csproj", "{A1799F05-D55A-4489-BA03-AF9F9A0046AA}"
EndProject
Project("{9A19103F-16F7-4668-BE54-9A1E7A4F7556}") = "R5T.F0020", "..\..\R5T.F0020\source\R5T.F0020\R5T.F0020.csproj", "{6C31D469-D313-4A1F-87AC-8AD75D4C1126}"
EndProject
Project("{9A19103F-16F7-4668-BE54-9A1E7A4F7556}") = "R5T.F0024.T001", "..\..\R5T.F0024\source\R5T.F0024.T001\R5T.F0024.T001.csproj", "{7C3017AB-6409-45CF-8FC3-B1D9885C3D65}"
EndProject
Project("{9A19103F-16F7-4668-BE54-9A1E7A4F7556}") = "R5T.F0024", "..\..\R5T.F0024\source\R5T.F0024\R5T.F0024.csproj", "{C609B744-350D-4E30-BBE3-492E7F912FA9}"
EndProject
Project("{9A19103F-16F7-4668-BE54-9A1E7A4F7556}") = "R5T.F0032", "..\..\R5T.F0032\source\R5T.F0032\R5T.F0032.csproj", "{CEADE674-2DA9-4661-8ACF-FF32F82DEBBA}"
EndProject
Project("{9A19103F-16F7-4668-BE54-9A1E7A4F7556}") = "R5T.F0040.F000", "..\..\R5T.F0040\source\R5T.F0040.F000\R5T.F0040.F000.csproj", "{D5B3A7E0-710D-4336-BF28-48C1E4F0C7DB}"
EndProject
Project("{9A19103F-16F7-4668-BE54-9A1E7A4F7556}") = "R5T.F0041", "..\..\R5T.F0041\source\R5T.F0041\R5T.F0041.csproj", "{0F021B05-715B-4480-B46A-0465DAF0A0EC}"
EndProject
Project("{9A19103F-16F7-4668-BE54-9A1E7A4F7556}") = "R5T.F0042.F001", "..\..\R5T.F0042\source\R5T.F0042.F001\R5T.F0042.F001.csproj", "{9787148A-E2E6-4C9F-9207-744D08A27D31}"
EndProject
Project("{9A19103F-16F7-4668-BE54-9A1E7A4F7556}") = "R5T.F0042", "..\..\R5T.F0042\source\R5T.F0042\R5T.F0042.csproj", "{94DBB9BC-E991-44B0-828A-D932E8D809FE}"
EndProject
Project("{9A19103F-16F7-4668-BE54-9A1E7A4F7556}") = "R5T.F0044", "..\..\R5T.F0044\source\R5T.F0044\R5T.F0044.csproj", "{573942D5-6B8F-4675-8134-B796112675E7}"
EndProject
Project("{9A19103F-16F7-4668-BE54-9A1E7A4F7556}") = "R5T.F0046", "..\..\R5T.F0046\source\R5T.F0046\R5T.F0046.csproj", "{A8CA194C-A0CD-410F-BD39-ACD2B15C0426}"
EndProject
Project("{9A19103F-16F7-4668-BE54-9A1E7A4F7556}") = "R5T.F0047", "..\..\R5T.F0047\source\R5T.F0047\R5T.F0047.csproj", "{06C6EBEB-F84D-4474-B71B-A9FD7BC1A165}"
EndProject
Project("{9A19103F-16F7-4668-BE54-9A1E7A4F7556}") = "R5T.F0050", "..\..\R5T.F0050\source\R5T.F0050\R5T.F0050.csproj", "{0D12E446-0304-47F8-8927-FB7A8096B292}"
EndProject
Project("{9A19103F-16F7-4668-BE54-9A1E7A4F7556}") = "R5T.F0051", "..\..\R5T.F0051\source\R5T.F0051\R5T.F0051.csproj", "{2EF160C4-97A3-4FC7-93F3-4BADDB6FABE0}"
EndProject
Project("{9A19103F-16F7-4668-BE54-9A1E7A4F7556}") = "R5T.F0052", "..\..\R5T.F0052\source\R5T.F0052\R5T.F0052.csproj", "{EAD28308-931B-4FF9-95BA-406D482BA225}"
EndProject
Project("{9A19103F-16F7-4668-BE54-9A1E7A4F7556}") = "R5T.F0053", "..\..\R5T.F0053\source\R5T.F0053\R5T.F0053.csproj", "{AFCB509D-6429-4AA4-9862-4ABB8699E663}"
EndProject
Project("{9A19103F-16F7-4668-BE54-9A1E7A4F7556}") = "R5T.F0054", "..\..\R5T.F0054\source\R5T.F0054\R5T.F0054.csproj", "{907997E9-A2CF-4651-B232-4D3F7E0280C6}"
EndProject
Project("{9A19103F-16F7-4668-BE54-9A1E7A4F7556}") = "R5T.F0056", "..\..\R5T.F0056\source\R5T.F0056\R5T.F0056.csproj", "{437FEAF5-9238-4EAE-810D-E56BA0C4001A}"
EndProject
Project("{9A19103F-16F7-4668-BE54-9A1E7A4F7556}") = "R5T.F0057", "..\..\R5T.F0057\source\R5T.F0057\R5T.F0057.csproj", "{C14A57C4-AC01-407D-9579-846D523F6A65}"
EndProject
Project("{9A19103F-16F7-4668-BE54-9A1E7A4F7556}") = "R5T.F0063.F001", "..\..\R5T.F0063\source\R5T.F0063.F001\R5T.F0063.F001.csproj", "{5CAEA536-459B-4E97-8DC8-BB36BEBE9D80}"
EndProject
Project("{9A19103F-16F7-4668-BE54-9A1E7A4F7556}") = "R5T.F0063", "..\..\R5T.F0063\source\R5T.F0063\R5T.F0063.csproj", "{C81B8365-D3A2-40C4-A839-AED124FC296A}"
EndProject
Project("{9A19103F-16F7-4668-BE54-9A1E7A4F7556}") = "R5T.F0078", "..\..\R5T.F0078\source\R5T.F0078\R5T.F0078.csproj", "{CCAF3C05-7968-44AC-BD61-5D8F98B6D4D2}"
EndProject
Project("{9A19103F-16F7-4668-BE54-9A1E7A4F7556}") = "R5T.F0079", "..\..\R5T.F0079\source\R5T.F0079\R5T.F0079.csproj", "{D3A36A85-FF71-4D6D-988B-0F6CC68D9CD1}"
EndProject
Project("{9A19103F-16F7-4668-BE54-9A1E7A4F7556}") = "R5T.F0083.R001", "..\..\R5T.F0083\source\R5T.F0083.R001\R5T.F0083.R001.csproj", "{417C94C3-B370-455A-83EC-1858D57C099B}"
EndProject
Project("{9A19103F-16F7-4668-BE54-9A1E7A4F7556}") = "R5T.F0083", "..\..\R5T.F0083\source\R5T.F0083\R5T.F0083.csproj", "{1A08DB60-2DA4-4197-9B8A-09289772054F}"
EndProject
Project("{9A19103F-16F7-4668-BE54-9A1E7A4F7556}") = "R5T.F0086", "..\..\R5T.F0086\source\R5T.F0086\R5T.F0086.csproj", "{1FE0EAA0-FB8C-48C6-8FB7-5C021F706BA7}"
EndProject
Project("{9A19103F-16F7-4668-BE54-9A1E7A4F7556}") = "R5T.F0091", "..\..\R5T.F0091\source\R5T.F0091\R5T.F0091.csproj", "{FD06BA44-7817-4E62-BFCC-78A0A80FAFCF}"
EndProject
Project("{9A19103F-16F7-4668-BE54-9A1E7A4F7556}") = "R5T.F0120", "..\..\R5T.F0120\source\R5T.F0120\R5T.F0120.csproj", "{74136166-4B3F-4749-8077-3BFCAF3708E0}"
EndProject
Project("{9A19103F-16F7-4668-BE54-9A1E7A4F7556}") = "R5T.F0124", "..\..\R5T.F0124\source\R5T.F0124\R5T.F0124.csproj", "{25EFF8D3-EFEB-4763-89A5-5FF7906ECC4C}"
EndProject
Project("{9A19103F-16F7-4668-BE54-9A1E7A4F7556}") = "R5T.F0125", "..\..\R5T.F0125\source\R5T.F0125\R5T.F0125.csproj", "{FE7DC9A9-17DB-4CF2-89E3-D1250D0485C5}"
EndProject
Project("{9A19103F-16F7-4668-BE54-9A1E7A4F7556}") = "R5T.F0129", "..\..\R5T.F0129\source\R5T.F0129\R5T.F0129.csproj", "{DCB9E9E7-5091-43C4-A7E5-F9B23164DBCB}"
EndProject
Project("{9A19103F-16F7-4668-BE54-9A1E7A4F7556}") = "R5T.F0130", "..\..\R5T.F0130\source\R5T.F0130\R5T.F0130.csproj", "{26C91D93-980C-4F0C-BDD6-511164C56E05}"
EndProject
Project("{9A19103F-16F7-4668-BE54-9A1E7A4F7556}") = "R5T.F0131", "..\..\R5T.F0131\source\R5T.F0131\R5T.F0131.csproj", "{2F84897B-9150-44E5-AE7B-BF130B271D0C}"
EndProject
Project("{9A19103F-16F7-4668-BE54-9A1E7A4F7556}") = "R5T.F0132", "..\..\R5T.F0132\source\R5T.F0132\R5T.F0132.csproj", "{F36C83D6-E1ED-429A-8B10-1500E0A34446}"
EndProject
Project("{9A19103F-16F7-4668-BE54-9A1E7A4F7556}") = "R5T.L0001.Y000", "..\..\R5T.L0001\source\R5T.L0001.Y000\R5T.L0001.Y000.csproj", "{E1BE0581-8C6D-4693-B55B-A3CFA9BF6446}"
EndProject
Project("{9A19103F-16F7-4668-BE54-9A1E7A4F7556}") = "R5T.L0001.Z000", "..\..\R5T.L0001\source\R5T.L0001.Z000\R5T.L0001.Z000.csproj", "{9008DF39-85E6-4B31-80AD-8F5F66ACE9BA}"
EndProject
Project("{9A19103F-16F7-4668-BE54-9A1E7A4F7556}") = "R5T.L0001", "..\..\R5T.L0001\source\R5T.L0001\R5T.L0001.csproj", "{14807E5E-4D37-4FD0-9EB7-C67B5D30793B}"
EndProject
Project("{9A19103F-16F7-4668-BE54-9A1E7A4F7556}") = "R5T.L0030.T000", "..\..\R5T.L0030\source\R5T.L0030.T000\R5T.L0030.T000.csproj", "{840787D7-B2A5-4BC7-A334-F5B839A6514C}"
EndProject
Project("{9A19103F-16F7-4668-BE54-9A1E7A4F7556}") = "R5T.L0030", "..\..\R5T.L0030\source\R5T.L0030\R5T.L0030.csproj", "{2AF2B32E-B9F7-46C1-8015-7012DA0D4176}"
EndProject
Project("{9A19103F-16F7-4668-BE54-9A1E7A4F7556}") = "R5T.L0031.T000", "..\..\R5T.L0031\source\R5T.L0031.T000\R5T.L0031.T000.csproj", "{008AE365-82B8-4E17-8B5E-CCDBF032D475}"
EndProject
Project("{9A19103F-16F7-4668-BE54-9A1E7A4F7556}") = "R5T.L0031", "..\..\R5T.L0031\source\R5T.L0031\R5T.L0031.csproj", "{106EFA3D-81FC-47E6-A2AC-2A709E2FD807}"
EndProject
Project("{9A19103F-16F7-4668-BE54-9A1E7A4F7556}") = "R5T.L0032.T000", "..\..\R5T.L0032\source\R5T.L0032.T000\R5T.L0032.T000.csproj", "{96EDAE2D-882B-4843-84EC-036694B45579}"
EndProject
Project("{9A19103F-16F7-4668-BE54-9A1E7A4F7556}") = "R5T.L0032.Z000", "..\..\R5T.L0032\source\R5T.L0032.Z000\R5T.L0032.Z000.csproj", "{D176C2E3-B6A8-4DBA-9CEA-1CB3095D455A}"
EndProject
Project("{9A19103F-16F7-4668-BE54-9A1E7A4F7556}") = "R5T.L0032", "..\..\R5T.L0032\source\R5T.L0032\R5T.L0032.csproj", "{F303D40F-1D29-4CAE-BEA0-5A1B18C8F882}"
EndProject
Project("{9A19103F-16F7-4668-BE54-9A1E7A4F7556}") = "R5T.L0033.T000", "..\..\R5T.L0033\source\R5T.L0033.T000\R5T.L0033.T000.csproj", "{3516A02E-5B51-4C49-8091-9E1611AFC786}"
EndProject
Project("{9A19103F-16F7-4668-BE54-9A1E7A4F7556}") = "R5T.L0033", "..\..\R5T.L0033\source\R5T.L0033\R5T.L0033.csproj", "{97367F25-CDB1-40F2-9B7C-63328B1C40E0}"
EndProject
Project("{9A19103F-16F7-4668-BE54-9A1E7A4F7556}") = "R5T.L0034", "..\..\R5T.L0034\source\R5T.L0034\R5T.L0034.csproj", "{66FDCE89-1986-4D23-BCAA-351DF734511F}"
EndProject
Project("{9A19103F-16F7-4668-BE54-9A1E7A4F7556}") = "R5T.L0035", "..\..\R5T.L0035\source\R5T.L0035\R5T.L0035.csproj", "{815C6182-E244-4256-BF02-6CCAE4BFCFB8}"
EndProject
Project("{9A19103F-16F7-4668-BE54-9A1E7A4F7556}") = "R5T.L0039.F000", "..\..\R5T.L0039\source\R5T.L0039.F000\R5T.L0039.F000.csproj", "{E56E7480-F777-4690-8A5B-14EDB6B0B9C5}"
EndProject
Project("{9A19103F-16F7-4668-BE54-9A1E7A4F7556}") = "R5T.L0039.O000", "..\..\R5T.L0039\source\R5T.L0039.O000\R5T.L0039.O000.csproj", "{C965CBCE-A4C2-43F1-8A43-B74112284EF2}"
EndProject
Project("{9A19103F-16F7-4668-BE54-9A1E7A4F7556}") = "R5T.L0039.O001", "..\..\R5T.L0039\source\R5T.L0039.O001\R5T.L0039.O001.csproj", "{53CBFEBF-D14C-4EEB-B423-B8053D01BC7E}"
EndProject
Project("{9A19103F-16F7-4668-BE54-9A1E7A4F7556}") = "R5T.L0039.T000", "..\..\R5T.L0039\source\R5T.L0039.T000\R5T.L0039.T000.csproj", "{CC077999-7A6D-4FC8-BBD4-3355E4E9585A}"
EndProject
Project("{9A19103F-16F7-4668-BE54-9A1E7A4F7556}") = "R5T.L0039", "..\..\R5T.L0039\source\R5T.L0039\R5T.L0039.csproj", "{81281150-B29B-4DAE-91C0-867A15955E11}"
EndProject
Project("{9A19103F-16F7-4668-BE54-9A1E7A4F7556}") = "R5T.L0040.F000", "..\..\R5T.L0040\source\R5T.L0040.F000\R5T.L0040.F000.csproj", "{EB91EB9D-48E9-44A4-8B23-38C85C10B10D}"
EndProject
Project("{9A19103F-16F7-4668-BE54-9A1E7A4F7556}") = "R5T.L0040.O001", "..\..\R5T.L0040\source\R5T.L0040.O001\R5T.L0040.O001.csproj", "{E9C53F8A-6B8B-40D6-93AD-69CAA3C009BE}"
EndProject
Project("{9A19103F-16F7-4668-BE54-9A1E7A4F7556}") = "R5T.L0040.O002", "..\..\R5T.L0040\source\R5T.L0040.O002\R5T.L0040.O002.csproj", "{B70DFB10-E0F3-41B7-AE00-9E801C1F4910}"
EndProject
Project("{9A19103F-16F7-4668-BE54-9A1E7A4F7556}") = "R5T.L0040.T000", "..\..\R5T.L0040\source\R5T.L0040.T000\R5T.L0040.T000.csproj", "{0561C778-3E02-4BC2-BA59-5E552D373EBB}"
EndProject
Project("{9A19103F-16F7-4668-BE54-9A1E7A4F7556}") = "R5T.L0040", "..\..\R5T.L0040\source\R5T.L0040\R5T.L0040.csproj", "{4BEFDA6A-1340-4A35-8E6C-968166F5D721}"
EndProject
Project("{9A19103F-16F7-4668-BE54-9A1E7A4F7556}") = "R5T.NG0005", "..\..\R5T.NG0005\source\R5T.NG0005\R5T.NG0005.csproj", "{C1CDC31C-D092-425B-B85C-2CDBA4367296}"
EndProject
Project("{9A19103F-16F7-4668-BE54-9A1E7A4F7556}") = "R5T.NG0006", "..\..\R5T.NG0006\source\R5T.NG0006\R5T.NG0006.csproj", "{D40F242B-35AD-43D1-920B-68DEE5309DA6}"
EndProject
Project("{9A19103F-16F7-4668-BE54-9A1E7A4F7556}") = "R5T.NG0008", "..\..\R5T.NG0008\source\R5T.NG0008\R5T.NG0008.csproj", "{E0FE9843-02CF-4882-8AC6-A43C273BF077}"
EndProject
Project("{9A19103F-16F7-4668-BE54-9A1E7A4F7556}") = "R5T.NG0009", "..\..\R5T.NG0009\source\R5T.NG0009\R5T.NG0009.csproj", "{04299291-21A6-4ECA-A7F9-45702E66791C}"
EndProject
Project("{9A19103F-16F7-4668-BE54-9A1E7A4F7556}") = "R5T.NG0014", "..\..\R5T.NG0014\source\R5T.NG0014\R5T.NG0014.csproj", "{B3EE0ECC-BAF0-432E-9D33-3C60F2C68C33}"
EndProject
Project("{9A19103F-16F7-4668-BE54-9A1E7A4F7556}") = "R5T.O0003", "..\..\R5T.O0003\source\R5T.O0003\R5T.O0003.csproj", "{9B4859B8-5ADD-4C89-9391-347B8C0D5C9A}"
EndProject
Project("{9A19103F-16F7-4668-BE54-9A1E7A4F7556}") = "R5T.O0004", "..\..\R5T.O0004\source\R5T.O0004\R5T.O0004.csproj", "{C6844561-7AC4-4084-B78C-210B89F9B2D7}"
EndProject
Project("{9A19103F-16F7-4668-BE54-9A1E7A4F7556}") = "R5T.O0008", "..\..\R5T.O0008\source\R5T.O0008\R5T.O0008.csproj", "{FB892294-E029-426A-83A7-97224B3ED6D6}"
EndProject
Project("{9A19103F-16F7-4668-BE54-9A1E7A4F7556}") = "R5T.T0046", "..\..\R5T.T0046\source\R5T.T0046\R5T.T0046.csproj", "{C269327E-E4D5-40BA-895D-A42010EE8908}"
EndProject
Project("{9A19103F-16F7-4668-BE54-9A1E7A4F7556}") = "R5T.T0131", "..\..\R5T.T0131\source\R5T.T0131\R5T.T0131.csproj", "{68EB54EC-C1DC-4247-B7AE-66032291BC3C}"
EndProject
Project("{9A19103F-16F7-4668-BE54-9A1E7A4F7556}") = "R5T.T0132", "..\..\R5T.T0132\source\R5T.T0132\R5T.T0132.csproj", "{04801D36-35EC-49E8-A8C6-4B97BE0F7C46}"
EndProject
Project("{9A19103F-16F7-4668-BE54-9A1E7A4F7556}") = "R5T.T0137", "..\..\R5T.T0137\source\R5T.T0137\R5T.T0137.csproj", "{DF40117B-10D7-4680-8FD2-88C31008947F}"
EndProject
Project("{9A19103F-16F7-4668-BE54-9A1E7A4F7556}") = "R5T.T0142", "..\..\R5T.T0142\source\R5T.T0142\R5T.T0142.csproj", "{B7D5E5DC-0A11-4264-AAA4-69562B1F37EF}"
EndProject
Project("{9A19103F-16F7-4668-BE54-9A1E7A4F7556}") = "R5T.T0143", "..\..\R5T.T0143\source\R5T.T0143\R5T.T0143.csproj", "{740E8944-ABF1-4A89-8CB5-355440C009BF}"
EndProject
Project("{9A19103F-16F7-4668-BE54-9A1E7A4F7556}") = "R5T.T0144", "..\..\R5T.T0144\source\R5T.T0144\R5T.T0144.csproj", "{40CE346B-9448-4B36-ACD0-9396C024EEA3}"
EndProject
Project("{9A19103F-16F7-4668-BE54-9A1E7A4F7556}") = "R5T.T0150", "..\..\R5T.T0150\source\R5T.T0150\R5T.T0150.csproj", "{B201F28D-25F7-4248-BFED-F7ACD65F9242}"
EndProject
Project("{9A19103F-16F7-4668-BE54-9A1E7A4F7556}") = "R5T.T0151", "..\..\R5T.T0151\source\R5T.T0151\R5T.T0151.csproj", "{B7A276A2-ABBC-47FC-BFCD-008FB80082B8}"
EndProject
Project("{9A19103F-16F7-4668-BE54-9A1E7A4F7556}") = "R5T.T0152", "..\..\R5T.T0152\source\R5T.T0152\R5T.T0152.csproj", "{5068FAF0-B27E-4D3C-94FB-9D8A87559AD6}"
EndProject
Project("{9A19103F-16F7-4668-BE54-9A1E7A4F7556}") = "R5T.T0154", "..\..\R5T.T0154\source\R5T.T0154\R5T.T0154.csproj", "{561C403E-5877-4DD0-9B5B-D8B75AF20B02}"
EndProject
Project("{9A19103F-16F7-4668-BE54-9A1E7A4F7556}") = "R5T.T0156", "..\..\R5T.T0156\source\R5T.T0156\R5T.T0156.csproj", "{B57BE5CC-E475-4F2B-8E8C-A37B3B2A97D1}"
EndProject
Project("{9A19103F-16F7-4668-BE54-9A1E7A4F7556}") = "R5T.T0158", "..\..\R5T.T0158\source\R5T.T0158\R5T.T0158.csproj", "{732B961E-8344-406C-A441-0B0BE1FB07FA}"
EndProject
Project("{9A19103F-16F7-4668-BE54-9A1E7A4F7556}") = "R5T.T0159", "..\..\R5T.T0159\source\R5T.T0159\R5T.T0159.csproj", "{3064AE5A-2339-4F3A-9175-83BC29A208DE}"
EndProject
Project("{9A19103F-16F7-4668-BE54-9A1E7A4F7556}") = "R5T.T0161", "..\..\R5T.T0161\source\R5T.T0161\R5T.T0161.csproj", "{E872D4CD-B763-4263-88BA-8B61A0E5DECD}"
EndProject
Project("{9A19103F-16F7-4668-BE54-9A1E7A4F7556}") = "R5T.T0172", "..\..\R5T.T0172\source\R5T.T0172\R5T.T0172.csproj", "{5744C8DA-1DD8-46D4-91E1-EA27659FC863}"
EndProject
Project("{9A19103F-16F7-4668-BE54-9A1E7A4F7556}") = "R5T.T0174", "..\..\R5T.T0174\source\R5T.T0174\R5T.T0174.csproj", "{3BB025D1-2A84-4AAF-98E1-9305C0BC712E}"
EndProject
Project("{9A19103F-16F7-4668-BE54-9A1E7A4F7556}") = "R5T.T0176", "..\..\R5T.T0176\source\R5T.T0176\R5T.T0176.csproj", "{6E324050-48B9-45FF-AACE-18C36682EE21}"
EndProject
Project("{9A19103F-16F7-4668-BE54-9A1E7A4F7556}") = "R5T.T0177", "..\..\R5T.T0177\source\R5T.T0177\R5T.T0177.csproj", "{5FEE6379-0C93-41EF-9D4C-CA0386582454}"
EndProject
Project("{9A19103F-16F7-4668-BE54-9A1E7A4F7556}") = "R5T.T0178", "..\..\R5T.T0178\source\R5T.T0178\R5T.T0178.csproj", "{FACACEFA-F221-44E5-9A5A-C2BD265CAA04}"
EndProject
Project("{9A19103F-16F7-4668-BE54-9A1E7A4F7556}") = "R5T.T0179", "..\..\R5T.T0179\source\R5T.T0179\R5T.T0179.csproj", "{7673A19A-42A6-4D4B-91F3-D5951899E464}"
EndProject
Project("{9A19103F-16F7-4668-BE54-9A1E7A4F7556}") = "R5T.T0180", "..\..\R5T.T0180\source\R5T.T0180\R5T.T0180.csproj", "{BC6FC651-55EB-441F-BD5F-74D7E21C235F}"
EndProject
Project("{9A19103F-16F7-4668-BE54-9A1E7A4F7556}") = "R5T.T0181", "..\..\R5T.T0181\source\R5T.T0181\R5T.T0181.csproj", "{D88D69E9-E72E-473C-A0B7-12CD4E9C1E09}"
EndProject
Project("{9A19103F-16F7-4668-BE54-9A1E7A4F7556}") = "R5T.T0185", "..\..\R5T.T0185\source\R5T.T0185\R5T.T0185.csproj", "{3E9FA047-A906-4E6D-86C6-6DCB4AC84549}"
EndProject
Project("{9A19103F-16F7-4668-BE54-9A1E7A4F7556}") = "R5T.T0187", "..\..\R5T.T0187\source\R5T.T0187\R5T.T0187.csproj", "{F416A14A-7C68-4364-A43A-A6AD88DB48CE}"
EndProject
Project("{9A19103F-16F7-4668-BE54-9A1E7A4F7556}") = "R5T.T0188", "..\..\R5T.T0188\source\R5T.T0188\R5T.T0188.csproj", "{86A57DE5-47B9-47BB-9058-E851430DF98E}"
EndProject
Project("{9A19103F-16F7-4668-BE54-9A1E7A4F7556}") = "R5T.T0193", "..\..\R5T.T0193\source\R5T.T0193\R5T.T0193.csproj", "{E4FF1938-0723-4DF8-B116-ED1C65C4BDEF}"
EndProject
Project("{9A19103F-16F7-4668-BE54-9A1E7A4F7556}") = "R5T.T0194", "..\..\R5T.T0194\source\R5T.T0194\R5T.T0194.csproj", "{26B5FD90-B520-4E16-B921-D373816982B6}"
EndProject
Project("{9A19103F-16F7-4668-BE54-9A1E7A4F7556}") = "R5T.T0195", "..\..\R5T.T0195\source\R5T.T0195\R5T.T0195.csproj", "{C9CDFDAC-74C7-46FD-AA0F-C434EFBCB502}"
EndProject
Project("{9A19103F-16F7-4668-BE54-9A1E7A4F7556}") = "R5T.T0198", "..\..\R5T.T0198\source\R5T.T0198\R5T.T0198.csproj", "{13B99DFA-2126-4B1A-B58B-BD692ECA3F92}"
EndProject
Project("{9A19103F-16F7-4668-BE54-9A1E7A4F7556}") = "R5T.T0202", "..\..\R5T.T0202\source\R5T.T0202\R5T.T0202.csproj", "{60252EBC-1F5E-4640-825B-F1ED3C8663C4}"
EndProject
Project("{9A19103F-16F7-4668-BE54-9A1E7A4F7556}") = "R5T.T0203", "..\..\R5T.T0203\source\R5T.T0203\R5T.T0203.csproj", "{D48AE13D-EDCC-427A-8599-AE55E06B0914}"
EndProject
Project("{9A19103F-16F7-4668-BE54-9A1E7A4F7556}") = "R5T.T0205", "..\..\R5T.T0205\source\R5T.T0205\R5T.T0205.csproj", "{EC210CCC-2346-46CC-8989-131CD4DD7728}"
EndProject
Project("{9A19103F-16F7-4668-BE54-9A1E7A4F7556}") = "R5T.T0206", "..\..\R5T.T0206\source\R5T.T0206\R5T.T0206.csproj", "{202F9E47-213C-4D31-8F2F-2EA18DE6E8A6}"
EndProject
Project("{9A19103F-16F7-4668-BE54-9A1E7A4F7556}") = "R5T.Y0000", "..\..\R5T.Y0000\source\R5T.Y0000\R5T.Y0000.csproj", "{085977ED-4FC8-4E0D-B3AC-200185C84713}"
EndProject
Project("{9A19103F-16F7-4668-BE54-9A1E7A4F7556}") = "R5T.Y0004", "..\..\R5T.Y0004\source\R5T.Y0004\R5T.Y0004.csproj", "{7FBABD96-74D9-4A1B-8320-011389730460}"
EndProject
Project("{9A19103F-16F7-4668-BE54-9A1E7A4F7556}") = "R5T.Z0000", "..\..\R5T.Z0000\source\R5T.Z0000\R5T.Z0000.csproj", "{87EAF34D-61B3-4C88-ABD2-6B39EC04DAC6}"
EndProject
Project("{9A19103F-16F7-4668-BE54-9A1E7A4F7556}") = "R5T.Z0005", "..\..\R5T.Z0005\source\R5T.Z0005\R5T.Z0005.csproj", "{3E5FCC43-7841-458D-9A85-725BD4ADB2B1}"
EndProject
Project("{9A19103F-16F7-4668-BE54-9A1E7A4F7556}") = "R5T.Z0009", "..\..\R5T.Z0009\source\R5T.Z0009\R5T.Z0009.csproj", "{C283DDFE-94FC-4520-A01F-E2BFDEC10AF9}"
EndProject
Project("{9A19103F-16F7-4668-BE54-9A1E7A4F7556}") = "R5T.Z0013", "..\..\R5T.Z0013\source\R5T.Z0013\R5T.Z0013.csproj", "{FA548B1D-47F8-4182-8934-5612CC02A4D6}"
EndProject
Project("{9A19103F-16F7-4668-BE54-9A1E7A4F7556}") = "R5T.Z0036", "..\..\R5T.Z0036\source\R5T.Z0036\R5T.Z0036.csproj", "{6F2027EF-7C8D-4A35-915B-6D2A87BA35CC}"
EndProject
Project("{9A19103F-16F7-4668-BE54-9A1E7A4F7556}") = "R5T.Z0044.Z001", "..\..\R5T.Z0044\source\R5T.Z0044.Z001\R5T.Z0044.Z001.csproj", "{D2ED1026-D212-43F8-AACD-93B2614F2EB4}"
EndProject
Project("{9A19103F-16F7-4668-BE54-9A1E7A4F7556}") = "R5T.Z0045", "..\..\R5T.Z0045\source\R5T.Z0045\R5T.Z0045.csproj", "{87AA8689-BE3A-46DE-9F91-E0CE0F270D86}"
EndProject
Project("{9A19103F-16F7-4668-BE54-9A1E7A4F7556}") = "R5T.Z0048", "..\..\R5T.Z0048\source\R5T.Z0048\R5T.Z0048.csproj", "{1515DD18-9CA5-499B-A0AE-1E8175E8EF0B}"
EndProject
Project("{9A19103F-16F7-4668-BE54-9A1E7A4F7556}") = "R5T.Z0050", "..\..\R5T.Z0050\source\R5T.Z0050\R5T.Z0050.csproj", "{D5213CBC-05A2-4D6E-933B-B45113F0FE55}"
EndProject
Project("{9A19103F-16F7-4668-BE54-9A1E7A4F7556}") = "R5T.Z0051", "..\..\R5T.Z0051\source\R5T.Z0051\R5T.Z0051.csproj", "{B40E5004-2DD4-41EF-A604-F96FB0711C28}"
EndProject
Project("{9A19103F-16F7-4668-BE54-9A1E7A4F7556}") = "R5T.T0201", "..\..\R5T.T0201\source\R5T.T0201\R5T.T0201.csproj", "{219D86B8-CDFE-43B8-A150-A8916A572C49}"
EndProject
Project("{9A19103F-16F7-4668-BE54-9A1E7A4F7556}") = "R5T.T0204", "..\..\R5T.T0204\source\R5T.T0204\R5T.T0204.csproj", "{5D7E7883-2EE0-457F-AC28-CEA7BCE1B817}"
EndProject
Project("{9A19103F-16F7-4668-BE54-9A1E7A4F7556}") = "R5T.O0010", "..\..\R5T.O0010\source\R5T.O0010\R5T.O0010.csproj", "{35F659B4-8D79-4DE4-BF26-6EBCEB1FCDA0}"
EndProject
Project("{9A19103F-16F7-4668-BE54-9A1E7A4F7556}") = "R5T.O0011", "..\..\R5T.O0011\source\R5T.O0011\R5T.O0011.csproj", "{C99AA2DD-6F41-407B-B425-E09E0CF5D51E}"
EndProject
Project("{9A19103F-16F7-4668-BE54-9A1E7A4F7556}") = "R5T.O0012", "..\..\R5T.O0012\source\R5T.O0012\R5T.O0012.csproj", "{CEAF811C-3E29-4E08-9A57-5FB193BB3601}"
EndProject
Global
	GlobalSection(NestedProjects) = preSolution
		{34779509-E692-41C6-B9FB-E2031690CE1E} = {621E96A2-8E9A-4B93-B220-ADB204A8AEAC}
		{46AD9C6C-8F4A-4CBF-A146-532D7FB7C2BC} = {621E96A2-8E9A-4B93-B220-ADB204A8AEAC}
		{F75B75F5-4487-4FD1-A872-370B50331977} = {621E96A2-8E9A-4B93-B220-ADB204A8AEAC}
		{DFE091DC-617A-417F-AC64-AA81C272659A} = {621E96A2-8E9A-4B93-B220-ADB204A8AEAC}
		{A1799F05-D55A-4489-BA03-AF9F9A0046AA} = {621E96A2-8E9A-4B93-B220-ADB204A8AEAC}
		{6C31D469-D313-4A1F-87AC-8AD75D4C1126} = {621E96A2-8E9A-4B93-B220-ADB204A8AEAC}
		{7C3017AB-6409-45CF-8FC3-B1D9885C3D65} = {621E96A2-8E9A-4B93-B220-ADB204A8AEAC}
		{C609B744-350D-4E30-BBE3-492E7F912FA9} = {621E96A2-8E9A-4B93-B220-ADB204A8AEAC}
		{CEADE674-2DA9-4661-8ACF-FF32F82DEBBA} = {621E96A2-8E9A-4B93-B220-ADB204A8AEAC}
		{D5B3A7E0-710D-4336-BF28-48C1E4F0C7DB} = {621E96A2-8E9A-4B93-B220-ADB204A8AEAC}
		{0F021B05-715B-4480-B46A-0465DAF0A0EC} = {621E96A2-8E9A-4B93-B220-ADB204A8AEAC}
		{9787148A-E2E6-4C9F-9207-744D08A27D31} = {621E96A2-8E9A-4B93-B220-ADB204A8AEAC}
		{94DBB9BC-E991-44B0-828A-D932E8D809FE} = {621E96A2-8E9A-4B93-B220-ADB204A8AEAC}
		{573942D5-6B8F-4675-8134-B796112675E7} = {621E96A2-8E9A-4B93-B220-ADB204A8AEAC}
		{A8CA194C-A0CD-410F-BD39-ACD2B15C0426} = {621E96A2-8E9A-4B93-B220-ADB204A8AEAC}
		{06C6EBEB-F84D-4474-B71B-A9FD7BC1A165} = {621E96A2-8E9A-4B93-B220-ADB204A8AEAC}
		{0D12E446-0304-47F8-8927-FB7A8096B292} = {621E96A2-8E9A-4B93-B220-ADB204A8AEAC}
		{2EF160C4-97A3-4FC7-93F3-4BADDB6FABE0} = {621E96A2-8E9A-4B93-B220-ADB204A8AEAC}
		{EAD28308-931B-4FF9-95BA-406D482BA225} = {621E96A2-8E9A-4B93-B220-ADB204A8AEAC}
		{AFCB509D-6429-4AA4-9862-4ABB8699E663} = {621E96A2-8E9A-4B93-B220-ADB204A8AEAC}
		{907997E9-A2CF-4651-B232-4D3F7E0280C6} = {621E96A2-8E9A-4B93-B220-ADB204A8AEAC}
		{437FEAF5-9238-4EAE-810D-E56BA0C4001A} = {621E96A2-8E9A-4B93-B220-ADB204A8AEAC}
		{C14A57C4-AC01-407D-9579-846D523F6A65} = {621E96A2-8E9A-4B93-B220-ADB204A8AEAC}
		{5CAEA536-459B-4E97-8DC8-BB36BEBE9D80} = {621E96A2-8E9A-4B93-B220-ADB204A8AEAC}
		{C81B8365-D3A2-40C4-A839-AED124FC296A} = {621E96A2-8E9A-4B93-B220-ADB204A8AEAC}
		{CCAF3C05-7968-44AC-BD61-5D8F98B6D4D2} = {621E96A2-8E9A-4B93-B220-ADB204A8AEAC}
		{D3A36A85-FF71-4D6D-988B-0F6CC68D9CD1} = {621E96A2-8E9A-4B93-B220-ADB204A8AEAC}
		{417C94C3-B370-455A-83EC-1858D57C099B} = {621E96A2-8E9A-4B93-B220-ADB204A8AEAC}
		{1A08DB60-2DA4-4197-9B8A-09289772054F} = {621E96A2-8E9A-4B93-B220-ADB204A8AEAC}
		{1FE0EAA0-FB8C-48C6-8FB7-5C021F706BA7} = {621E96A2-8E9A-4B93-B220-ADB204A8AEAC}
		{FD06BA44-7817-4E62-BFCC-78A0A80FAFCF} = {621E96A2-8E9A-4B93-B220-ADB204A8AEAC}
		{74136166-4B3F-4749-8077-3BFCAF3708E0} = {621E96A2-8E9A-4B93-B220-ADB204A8AEAC}
		{25EFF8D3-EFEB-4763-89A5-5FF7906ECC4C} = {621E96A2-8E9A-4B93-B220-ADB204A8AEAC}
		{FE7DC9A9-17DB-4CF2-89E3-D1250D0485C5} = {621E96A2-8E9A-4B93-B220-ADB204A8AEAC}
		{DCB9E9E7-5091-43C4-A7E5-F9B23164DBCB} = {621E96A2-8E9A-4B93-B220-ADB204A8AEAC}
		{26C91D93-980C-4F0C-BDD6-511164C56E05} = {621E96A2-8E9A-4B93-B220-ADB204A8AEAC}
		{2F84897B-9150-44E5-AE7B-BF130B271D0C} = {621E96A2-8E9A-4B93-B220-ADB204A8AEAC}
		{F36C83D6-E1ED-429A-8B10-1500E0A34446} = {621E96A2-8E9A-4B93-B220-ADB204A8AEAC}
		{E1BE0581-8C6D-4693-B55B-A3CFA9BF6446} = {621E96A2-8E9A-4B93-B220-ADB204A8AEAC}
		{9008DF39-85E6-4B31-80AD-8F5F66ACE9BA} = {621E96A2-8E9A-4B93-B220-ADB204A8AEAC}
		{14807E5E-4D37-4FD0-9EB7-C67B5D30793B} = {621E96A2-8E9A-4B93-B220-ADB204A8AEAC}
		{840787D7-B2A5-4BC7-A334-F5B839A6514C} = {621E96A2-8E9A-4B93-B220-ADB204A8AEAC}
		{2AF2B32E-B9F7-46C1-8015-7012DA0D4176} = {621E96A2-8E9A-4B93-B220-ADB204A8AEAC}
		{008AE365-82B8-4E17-8B5E-CCDBF032D475} = {621E96A2-8E9A-4B93-B220-ADB204A8AEAC}
		{106EFA3D-81FC-47E6-A2AC-2A709E2FD807} = {621E96A2-8E9A-4B93-B220-ADB204A8AEAC}
		{96EDAE2D-882B-4843-84EC-036694B45579} = {621E96A2-8E9A-4B93-B220-ADB204A8AEAC}
		{D176C2E3-B6A8-4DBA-9CEA-1CB3095D455A} = {621E96A2-8E9A-4B93-B220-ADB204A8AEAC}
		{F303D40F-1D29-4CAE-BEA0-5A1B18C8F882} = {621E96A2-8E9A-4B93-B220-ADB204A8AEAC}
		{3516A02E-5B51-4C49-8091-9E1611AFC786} = {621E96A2-8E9A-4B93-B220-ADB204A8AEAC}
		{97367F25-CDB1-40F2-9B7C-63328B1C40E0} = {621E96A2-8E9A-4B93-B220-ADB204A8AEAC}
		{66FDCE89-1986-4D23-BCAA-351DF734511F} = {621E96A2-8E9A-4B93-B220-ADB204A8AEAC}
		{815C6182-E244-4256-BF02-6CCAE4BFCFB8} = {621E96A2-8E9A-4B93-B220-ADB204A8AEAC}
		{E56E7480-F777-4690-8A5B-14EDB6B0B9C5} = {621E96A2-8E9A-4B93-B220-ADB204A8AEAC}
		{C965CBCE-A4C2-43F1-8A43-B74112284EF2} = {621E96A2-8E9A-4B93-B220-ADB204A8AEAC}
		{53CBFEBF-D14C-4EEB-B423-B8053D01BC7E} = {621E96A2-8E9A-4B93-B220-ADB204A8AEAC}
		{CC077999-7A6D-4FC8-BBD4-3355E4E9585A} = {621E96A2-8E9A-4B93-B220-ADB204A8AEAC}
		{81281150-B29B-4DAE-91C0-867A15955E11} = {621E96A2-8E9A-4B93-B220-ADB204A8AEAC}
		{EB91EB9D-48E9-44A4-8B23-38C85C10B10D} = {621E96A2-8E9A-4B93-B220-ADB204A8AEAC}
		{E9C53F8A-6B8B-40D6-93AD-69CAA3C009BE} = {621E96A2-8E9A-4B93-B220-ADB204A8AEAC}
		{B70DFB10-E0F3-41B7-AE00-9E801C1F4910} = {621E96A2-8E9A-4B93-B220-ADB204A8AEAC}
		{0561C778-3E02-4BC2-BA59-5E552D373EBB} = {621E96A2-8E9A-4B93-B220-ADB204A8AEAC}
		{4BEFDA6A-1340-4A35-8E6C-968166F5D721} = {621E96A2-8E9A-4B93-B220-ADB204A8AEAC}
		{C1CDC31C-D092-425B-B85C-2CDBA4367296} = {621E96A2-8E9A-4B93-B220-ADB204A8AEAC}
		{D40F242B-35AD-43D1-920B-68DEE5309DA6} = {621E96A2-8E9A-4B93-B220-ADB204A8AEAC}
		{E0FE9843-02CF-4882-8AC6-A43C273BF077} = {621E96A2-8E9A-4B93-B220-ADB204A8AEAC}
		{04299291-21A6-4ECA-A7F9-45702E66791C} = {621E96A2-8E9A-4B93-B220-ADB204A8AEAC}
		{B3EE0ECC-BAF0-432E-9D33-3C60F2C68C33} = {621E96A2-8E9A-4B93-B220-ADB204A8AEAC}
		{9B4859B8-5ADD-4C89-9391-347B8C0D5C9A} = {621E96A2-8E9A-4B93-B220-ADB204A8AEAC}
		{C6844561-7AC4-4084-B78C-210B89F9B2D7} = {621E96A2-8E9A-4B93-B220-ADB204A8AEAC}
		{FB892294-E029-426A-83A7-97224B3ED6D6} = {621E96A2-8E9A-4B93-B220-ADB204A8AEAC}
		{C269327E-E4D5-40BA-895D-A42010EE8908} = {621E96A2-8E9A-4B93-B220-ADB204A8AEAC}
		{68EB54EC-C1DC-4247-B7AE-66032291BC3C} = {621E96A2-8E9A-4B93-B220-ADB204A8AEAC}
		{04801D36-35EC-49E8-A8C6-4B97BE0F7C46} = {621E96A2-8E9A-4B93-B220-ADB204A8AEAC}
		{DF40117B-10D7-4680-8FD2-88C31008947F} = {621E96A2-8E9A-4B93-B220-ADB204A8AEAC}
		{B7D5E5DC-0A11-4264-AAA4-69562B1F37EF} = {621E96A2-8E9A-4B93-B220-ADB204A8AEAC}
		{740E8944-ABF1-4A89-8CB5-355440C009BF} = {621E96A2-8E9A-4B93-B220-ADB204A8AEAC}
		{40CE346B-9448-4B36-ACD0-9396C024EEA3} = {621E96A2-8E9A-4B93-B220-ADB204A8AEAC}
		{B201F28D-25F7-4248-BFED-F7ACD65F9242} = {621E96A2-8E9A-4B93-B220-ADB204A8AEAC}
		{B7A276A2-ABBC-47FC-BFCD-008FB80082B8} = {621E96A2-8E9A-4B93-B220-ADB204A8AEAC}
		{5068FAF0-B27E-4D3C-94FB-9D8A87559AD6} = {621E96A2-8E9A-4B93-B220-ADB204A8AEAC}
		{561C403E-5877-4DD0-9B5B-D8B75AF20B02} = {621E96A2-8E9A-4B93-B220-ADB204A8AEAC}
		{B57BE5CC-E475-4F2B-8E8C-A37B3B2A97D1} = {621E96A2-8E9A-4B93-B220-ADB204A8AEAC}
		{732B961E-8344-406C-A441-0B0BE1FB07FA} = {621E96A2-8E9A-4B93-B220-ADB204A8AEAC}
		{3064AE5A-2339-4F3A-9175-83BC29A208DE} = {621E96A2-8E9A-4B93-B220-ADB204A8AEAC}
		{E872D4CD-B763-4263-88BA-8B61A0E5DECD} = {621E96A2-8E9A-4B93-B220-ADB204A8AEAC}
		{5744C8DA-1DD8-46D4-91E1-EA27659FC863} = {621E96A2-8E9A-4B93-B220-ADB204A8AEAC}
		{3BB025D1-2A84-4AAF-98E1-9305C0BC712E} = {621E96A2-8E9A-4B93-B220-ADB204A8AEAC}
		{6E324050-48B9-45FF-AACE-18C36682EE21} = {621E96A2-8E9A-4B93-B220-ADB204A8AEAC}
		{5FEE6379-0C93-41EF-9D4C-CA0386582454} = {621E96A2-8E9A-4B93-B220-ADB204A8AEAC}
		{FACACEFA-F221-44E5-9A5A-C2BD265CAA04} = {621E96A2-8E9A-4B93-B220-ADB204A8AEAC}
		{7673A19A-42A6-4D4B-91F3-D5951899E464} = {621E96A2-8E9A-4B93-B220-ADB204A8AEAC}
		{BC6FC651-55EB-441F-BD5F-74D7E21C235F} = {621E96A2-8E9A-4B93-B220-ADB204A8AEAC}
		{D88D69E9-E72E-473C-A0B7-12CD4E9C1E09} = {621E96A2-8E9A-4B93-B220-ADB204A8AEAC}
		{3E9FA047-A906-4E6D-86C6-6DCB4AC84549} = {621E96A2-8E9A-4B93-B220-ADB204A8AEAC}
		{F416A14A-7C68-4364-A43A-A6AD88DB48CE} = {621E96A2-8E9A-4B93-B220-ADB204A8AEAC}
		{86A57DE5-47B9-47BB-9058-E851430DF98E} = {621E96A2-8E9A-4B93-B220-ADB204A8AEAC}
		{E4FF1938-0723-4DF8-B116-ED1C65C4BDEF} = {621E96A2-8E9A-4B93-B220-ADB204A8AEAC}
		{26B5FD90-B520-4E16-B921-D373816982B6} = {621E96A2-8E9A-4B93-B220-ADB204A8AEAC}
		{C9CDFDAC-74C7-46FD-AA0F-C434EFBCB502} = {621E96A2-8E9A-4B93-B220-ADB204A8AEAC}
		{13B99DFA-2126-4B1A-B58B-BD692ECA3F92} = {621E96A2-8E9A-4B93-B220-ADB204A8AEAC}
		{60252EBC-1F5E-4640-825B-F1ED3C8663C4} = {621E96A2-8E9A-4B93-B220-ADB204A8AEAC}
		{D48AE13D-EDCC-427A-8599-AE55E06B0914} = {621E96A2-8E9A-4B93-B220-ADB204A8AEAC}
		{EC210CCC-2346-46CC-8989-131CD4DD7728} = {621E96A2-8E9A-4B93-B220-ADB204A8AEAC}
		{202F9E47-213C-4D31-8F2F-2EA18DE6E8A6} = {621E96A2-8E9A-4B93-B220-ADB204A8AEAC}
		{085977ED-4FC8-4E0D-B3AC-200185C84713} = {621E96A2-8E9A-4B93-B220-ADB204A8AEAC}
		{7FBABD96-74D9-4A1B-8320-011389730460} = {621E96A2-8E9A-4B93-B220-ADB204A8AEAC}
		{87EAF34D-61B3-4C88-ABD2-6B39EC04DAC6} = {621E96A2-8E9A-4B93-B220-ADB204A8AEAC}
		{3E5FCC43-7841-458D-9A85-725BD4ADB2B1} = {621E96A2-8E9A-4B93-B220-ADB204A8AEAC}
		{C283DDFE-94FC-4520-A01F-E2BFDEC10AF9} = {621E96A2-8E9A-4B93-B220-ADB204A8AEAC}
		{FA548B1D-47F8-4182-8934-5612CC02A4D6} = {621E96A2-8E9A-4B93-B220-ADB204A8AEAC}
		{6F2027EF-7C8D-4A35-915B-6D2A87BA35CC} = {621E96A2-8E9A-4B93-B220-ADB204A8AEAC}
		{D2ED1026-D212-43F8-AACD-93B2614F2EB4} = {621E96A2-8E9A-4B93-B220-ADB204A8AEAC}
		{87AA8689-BE3A-46DE-9F91-E0CE0F270D86} = {621E96A2-8E9A-4B93-B220-ADB204A8AEAC}
		{1515DD18-9CA5-499B-A0AE-1E8175E8EF0B} = {621E96A2-8E9A-4B93-B220-ADB204A8AEAC}
		{D5213CBC-05A2-4D6E-933B-B45113F0FE55} = {621E96A2-8E9A-4B93-B220-ADB204A8AEAC}
		{B40E5004-2DD4-41EF-A604-F96FB0711C28} = {621E96A2-8E9A-4B93-B220-ADB204A8AEAC}
		{219D86B8-CDFE-43B8-A150-A8916A572C49} = {621E96A2-8E9A-4B93-B220-ADB204A8AEAC}
		{5D7E7883-2EE0-457F-AC28-CEA7BCE1B817} = {621E96A2-8E9A-4B93-B220-ADB204A8AEAC}
		{35F659B4-8D79-4DE4-BF26-6EBCEB1FCDA0} = {621E96A2-8E9A-4B93-B220-ADB204A8AEAC}
		{C99AA2DD-6F41-407B-B425-E09E0CF5D51E} = {621E96A2-8E9A-4B93-B220-ADB204A8AEAC}
		{CEAF811C-3E29-4E08-9A57-5FB193BB3601} = {621E96A2-8E9A-4B93-B220-ADB204A8AEAC}
	EndGlobalSection
	GlobalSection(SolutionConfigurationPlatforms) = preSolution
		Debug|Any CPU = Debug|Any CPU
		Release|Any CPU = Release|Any CPU
	EndGlobalSection
	GlobalSection(ProjectConfigurationPlatforms) = postSolution
		{318A4E2E-F197-4183-ACBF-4CD9833679F0}.Debug|Any CPU.ActiveCfg = Debug|Any CPU
		{318A4E2E-F197-4183-ACBF-4CD9833679F0}.Debug|Any CPU.Build.0 = Debug|Any CPU
		{318A4E2E-F197-4183-ACBF-4CD9833679F0}.Release|Any CPU.ActiveCfg = Release|Any CPU
		{318A4E2E-F197-4183-ACBF-4CD9833679F0}.Release|Any CPU.Build.0 = Release|Any CPU
		{34779509-E692-41C6-B9FB-E2031690CE1E}.Debug|Any CPU.ActiveCfg = Debug|Any CPU
		{34779509-E692-41C6-B9FB-E2031690CE1E}.Debug|Any CPU.Build.0 = Debug|Any CPU
		{34779509-E692-41C6-B9FB-E2031690CE1E}.Release|Any CPU.ActiveCfg = Release|Any CPU
		{34779509-E692-41C6-B9FB-E2031690CE1E}.Release|Any CPU.Build.0 = Release|Any CPU
		{46AD9C6C-8F4A-4CBF-A146-532D7FB7C2BC}.Debug|Any CPU.ActiveCfg = Debug|Any CPU
		{46AD9C6C-8F4A-4CBF-A146-532D7FB7C2BC}.Debug|Any CPU.Build.0 = Debug|Any CPU
		{46AD9C6C-8F4A-4CBF-A146-532D7FB7C2BC}.Release|Any CPU.ActiveCfg = Release|Any CPU
		{46AD9C6C-8F4A-4CBF-A146-532D7FB7C2BC}.Release|Any CPU.Build.0 = Release|Any CPU
		{F75B75F5-4487-4FD1-A872-370B50331977}.Debug|Any CPU.ActiveCfg = Debug|Any CPU
		{F75B75F5-4487-4FD1-A872-370B50331977}.Debug|Any CPU.Build.0 = Debug|Any CPU
		{F75B75F5-4487-4FD1-A872-370B50331977}.Release|Any CPU.ActiveCfg = Release|Any CPU
		{F75B75F5-4487-4FD1-A872-370B50331977}.Release|Any CPU.Build.0 = Release|Any CPU
		{DFE091DC-617A-417F-AC64-AA81C272659A}.Debug|Any CPU.ActiveCfg = Debug|Any CPU
		{DFE091DC-617A-417F-AC64-AA81C272659A}.Debug|Any CPU.Build.0 = Debug|Any CPU
		{DFE091DC-617A-417F-AC64-AA81C272659A}.Release|Any CPU.ActiveCfg = Release|Any CPU
		{DFE091DC-617A-417F-AC64-AA81C272659A}.Release|Any CPU.Build.0 = Release|Any CPU
		{A1799F05-D55A-4489-BA03-AF9F9A0046AA}.Debug|Any CPU.ActiveCfg = Debug|Any CPU
		{A1799F05-D55A-4489-BA03-AF9F9A0046AA}.Debug|Any CPU.Build.0 = Debug|Any CPU
		{A1799F05-D55A-4489-BA03-AF9F9A0046AA}.Release|Any CPU.ActiveCfg = Release|Any CPU
		{A1799F05-D55A-4489-BA03-AF9F9A0046AA}.Release|Any CPU.Build.0 = Release|Any CPU
		{6C31D469-D313-4A1F-87AC-8AD75D4C1126}.Debug|Any CPU.ActiveCfg = Debug|Any CPU
		{6C31D469-D313-4A1F-87AC-8AD75D4C1126}.Debug|Any CPU.Build.0 = Debug|Any CPU
		{6C31D469-D313-4A1F-87AC-8AD75D4C1126}.Release|Any CPU.ActiveCfg = Release|Any CPU
		{6C31D469-D313-4A1F-87AC-8AD75D4C1126}.Release|Any CPU.Build.0 = Release|Any CPU
		{7C3017AB-6409-45CF-8FC3-B1D9885C3D65}.Debug|Any CPU.ActiveCfg = Debug|Any CPU
		{7C3017AB-6409-45CF-8FC3-B1D9885C3D65}.Debug|Any CPU.Build.0 = Debug|Any CPU
		{7C3017AB-6409-45CF-8FC3-B1D9885C3D65}.Release|Any CPU.ActiveCfg = Release|Any CPU
		{7C3017AB-6409-45CF-8FC3-B1D9885C3D65}.Release|Any CPU.Build.0 = Release|Any CPU
		{C609B744-350D-4E30-BBE3-492E7F912FA9}.Debug|Any CPU.ActiveCfg = Debug|Any CPU
		{C609B744-350D-4E30-BBE3-492E7F912FA9}.Debug|Any CPU.Build.0 = Debug|Any CPU
		{C609B744-350D-4E30-BBE3-492E7F912FA9}.Release|Any CPU.ActiveCfg = Release|Any CPU
		{C609B744-350D-4E30-BBE3-492E7F912FA9}.Release|Any CPU.Build.0 = Release|Any CPU
		{CEADE674-2DA9-4661-8ACF-FF32F82DEBBA}.Debug|Any CPU.ActiveCfg = Debug|Any CPU
		{CEADE674-2DA9-4661-8ACF-FF32F82DEBBA}.Debug|Any CPU.Build.0 = Debug|Any CPU
		{CEADE674-2DA9-4661-8ACF-FF32F82DEBBA}.Release|Any CPU.ActiveCfg = Release|Any CPU
		{CEADE674-2DA9-4661-8ACF-FF32F82DEBBA}.Release|Any CPU.Build.0 = Release|Any CPU
		{D5B3A7E0-710D-4336-BF28-48C1E4F0C7DB}.Debug|Any CPU.ActiveCfg = Debug|Any CPU
		{D5B3A7E0-710D-4336-BF28-48C1E4F0C7DB}.Debug|Any CPU.Build.0 = Debug|Any CPU
		{D5B3A7E0-710D-4336-BF28-48C1E4F0C7DB}.Release|Any CPU.ActiveCfg = Release|Any CPU
		{D5B3A7E0-710D-4336-BF28-48C1E4F0C7DB}.Release|Any CPU.Build.0 = Release|Any CPU
		{0F021B05-715B-4480-B46A-0465DAF0A0EC}.Debug|Any CPU.ActiveCfg = Debug|Any CPU
		{0F021B05-715B-4480-B46A-0465DAF0A0EC}.Debug|Any CPU.Build.0 = Debug|Any CPU
		{0F021B05-715B-4480-B46A-0465DAF0A0EC}.Release|Any CPU.ActiveCfg = Release|Any CPU
		{0F021B05-715B-4480-B46A-0465DAF0A0EC}.Release|Any CPU.Build.0 = Release|Any CPU
		{9787148A-E2E6-4C9F-9207-744D08A27D31}.Debug|Any CPU.ActiveCfg = Debug|Any CPU
		{9787148A-E2E6-4C9F-9207-744D08A27D31}.Debug|Any CPU.Build.0 = Debug|Any CPU
		{9787148A-E2E6-4C9F-9207-744D08A27D31}.Release|Any CPU.ActiveCfg = Release|Any CPU
		{9787148A-E2E6-4C9F-9207-744D08A27D31}.Release|Any CPU.Build.0 = Release|Any CPU
		{94DBB9BC-E991-44B0-828A-D932E8D809FE}.Debug|Any CPU.ActiveCfg = Debug|Any CPU
		{94DBB9BC-E991-44B0-828A-D932E8D809FE}.Debug|Any CPU.Build.0 = Debug|Any CPU
		{94DBB9BC-E991-44B0-828A-D932E8D809FE}.Release|Any CPU.ActiveCfg = Release|Any CPU
		{94DBB9BC-E991-44B0-828A-D932E8D809FE}.Release|Any CPU.Build.0 = Release|Any CPU
		{573942D5-6B8F-4675-8134-B796112675E7}.Debug|Any CPU.ActiveCfg = Debug|Any CPU
		{573942D5-6B8F-4675-8134-B796112675E7}.Debug|Any CPU.Build.0 = Debug|Any CPU
		{573942D5-6B8F-4675-8134-B796112675E7}.Release|Any CPU.ActiveCfg = Release|Any CPU
		{573942D5-6B8F-4675-8134-B796112675E7}.Release|Any CPU.Build.0 = Release|Any CPU
		{A8CA194C-A0CD-410F-BD39-ACD2B15C0426}.Debug|Any CPU.ActiveCfg = Debug|Any CPU
		{A8CA194C-A0CD-410F-BD39-ACD2B15C0426}.Debug|Any CPU.Build.0 = Debug|Any CPU
		{A8CA194C-A0CD-410F-BD39-ACD2B15C0426}.Release|Any CPU.ActiveCfg = Release|Any CPU
		{A8CA194C-A0CD-410F-BD39-ACD2B15C0426}.Release|Any CPU.Build.0 = Release|Any CPU
		{06C6EBEB-F84D-4474-B71B-A9FD7BC1A165}.Debug|Any CPU.ActiveCfg = Debug|Any CPU
		{06C6EBEB-F84D-4474-B71B-A9FD7BC1A165}.Debug|Any CPU.Build.0 = Debug|Any CPU
		{06C6EBEB-F84D-4474-B71B-A9FD7BC1A165}.Release|Any CPU.ActiveCfg = Release|Any CPU
		{06C6EBEB-F84D-4474-B71B-A9FD7BC1A165}.Release|Any CPU.Build.0 = Release|Any CPU
		{0D12E446-0304-47F8-8927-FB7A8096B292}.Debug|Any CPU.ActiveCfg = Debug|Any CPU
		{0D12E446-0304-47F8-8927-FB7A8096B292}.Debug|Any CPU.Build.0 = Debug|Any CPU
		{0D12E446-0304-47F8-8927-FB7A8096B292}.Release|Any CPU.ActiveCfg = Release|Any CPU
		{0D12E446-0304-47F8-8927-FB7A8096B292}.Release|Any CPU.Build.0 = Release|Any CPU
		{2EF160C4-97A3-4FC7-93F3-4BADDB6FABE0}.Debug|Any CPU.ActiveCfg = Debug|Any CPU
		{2EF160C4-97A3-4FC7-93F3-4BADDB6FABE0}.Debug|Any CPU.Build.0 = Debug|Any CPU
		{2EF160C4-97A3-4FC7-93F3-4BADDB6FABE0}.Release|Any CPU.ActiveCfg = Release|Any CPU
		{2EF160C4-97A3-4FC7-93F3-4BADDB6FABE0}.Release|Any CPU.Build.0 = Release|Any CPU
		{EAD28308-931B-4FF9-95BA-406D482BA225}.Debug|Any CPU.ActiveCfg = Debug|Any CPU
		{EAD28308-931B-4FF9-95BA-406D482BA225}.Debug|Any CPU.Build.0 = Debug|Any CPU
		{EAD28308-931B-4FF9-95BA-406D482BA225}.Release|Any CPU.ActiveCfg = Release|Any CPU
		{EAD28308-931B-4FF9-95BA-406D482BA225}.Release|Any CPU.Build.0 = Release|Any CPU
		{AFCB509D-6429-4AA4-9862-4ABB8699E663}.Debug|Any CPU.ActiveCfg = Debug|Any CPU
		{AFCB509D-6429-4AA4-9862-4ABB8699E663}.Debug|Any CPU.Build.0 = Debug|Any CPU
		{AFCB509D-6429-4AA4-9862-4ABB8699E663}.Release|Any CPU.ActiveCfg = Release|Any CPU
		{AFCB509D-6429-4AA4-9862-4ABB8699E663}.Release|Any CPU.Build.0 = Release|Any CPU
		{907997E9-A2CF-4651-B232-4D3F7E0280C6}.Debug|Any CPU.ActiveCfg = Debug|Any CPU
		{907997E9-A2CF-4651-B232-4D3F7E0280C6}.Debug|Any CPU.Build.0 = Debug|Any CPU
		{907997E9-A2CF-4651-B232-4D3F7E0280C6}.Release|Any CPU.ActiveCfg = Release|Any CPU
		{907997E9-A2CF-4651-B232-4D3F7E0280C6}.Release|Any CPU.Build.0 = Release|Any CPU
		{437FEAF5-9238-4EAE-810D-E56BA0C4001A}.Debug|Any CPU.ActiveCfg = Debug|Any CPU
		{437FEAF5-9238-4EAE-810D-E56BA0C4001A}.Debug|Any CPU.Build.0 = Debug|Any CPU
		{437FEAF5-9238-4EAE-810D-E56BA0C4001A}.Release|Any CPU.ActiveCfg = Release|Any CPU
		{437FEAF5-9238-4EAE-810D-E56BA0C4001A}.Release|Any CPU.Build.0 = Release|Any CPU
		{C14A57C4-AC01-407D-9579-846D523F6A65}.Debug|Any CPU.ActiveCfg = Debug|Any CPU
		{C14A57C4-AC01-407D-9579-846D523F6A65}.Debug|Any CPU.Build.0 = Debug|Any CPU
		{C14A57C4-AC01-407D-9579-846D523F6A65}.Release|Any CPU.ActiveCfg = Release|Any CPU
		{C14A57C4-AC01-407D-9579-846D523F6A65}.Release|Any CPU.Build.0 = Release|Any CPU
		{5CAEA536-459B-4E97-8DC8-BB36BEBE9D80}.Debug|Any CPU.ActiveCfg = Debug|Any CPU
		{5CAEA536-459B-4E97-8DC8-BB36BEBE9D80}.Debug|Any CPU.Build.0 = Debug|Any CPU
		{5CAEA536-459B-4E97-8DC8-BB36BEBE9D80}.Release|Any CPU.ActiveCfg = Release|Any CPU
		{5CAEA536-459B-4E97-8DC8-BB36BEBE9D80}.Release|Any CPU.Build.0 = Release|Any CPU
		{C81B8365-D3A2-40C4-A839-AED124FC296A}.Debug|Any CPU.ActiveCfg = Debug|Any CPU
		{C81B8365-D3A2-40C4-A839-AED124FC296A}.Debug|Any CPU.Build.0 = Debug|Any CPU
		{C81B8365-D3A2-40C4-A839-AED124FC296A}.Release|Any CPU.ActiveCfg = Release|Any CPU
		{C81B8365-D3A2-40C4-A839-AED124FC296A}.Release|Any CPU.Build.0 = Release|Any CPU
		{CCAF3C05-7968-44AC-BD61-5D8F98B6D4D2}.Debug|Any CPU.ActiveCfg = Debug|Any CPU
		{CCAF3C05-7968-44AC-BD61-5D8F98B6D4D2}.Debug|Any CPU.Build.0 = Debug|Any CPU
		{CCAF3C05-7968-44AC-BD61-5D8F98B6D4D2}.Release|Any CPU.ActiveCfg = Release|Any CPU
		{CCAF3C05-7968-44AC-BD61-5D8F98B6D4D2}.Release|Any CPU.Build.0 = Release|Any CPU
		{D3A36A85-FF71-4D6D-988B-0F6CC68D9CD1}.Debug|Any CPU.ActiveCfg = Debug|Any CPU
		{D3A36A85-FF71-4D6D-988B-0F6CC68D9CD1}.Debug|Any CPU.Build.0 = Debug|Any CPU
		{D3A36A85-FF71-4D6D-988B-0F6CC68D9CD1}.Release|Any CPU.ActiveCfg = Release|Any CPU
		{D3A36A85-FF71-4D6D-988B-0F6CC68D9CD1}.Release|Any CPU.Build.0 = Release|Any CPU
		{417C94C3-B370-455A-83EC-1858D57C099B}.Debug|Any CPU.ActiveCfg = Debug|Any CPU
		{417C94C3-B370-455A-83EC-1858D57C099B}.Debug|Any CPU.Build.0 = Debug|Any CPU
		{417C94C3-B370-455A-83EC-1858D57C099B}.Release|Any CPU.ActiveCfg = Release|Any CPU
		{417C94C3-B370-455A-83EC-1858D57C099B}.Release|Any CPU.Build.0 = Release|Any CPU
		{1A08DB60-2DA4-4197-9B8A-09289772054F}.Debug|Any CPU.ActiveCfg = Debug|Any CPU
		{1A08DB60-2DA4-4197-9B8A-09289772054F}.Debug|Any CPU.Build.0 = Debug|Any CPU
		{1A08DB60-2DA4-4197-9B8A-09289772054F}.Release|Any CPU.ActiveCfg = Release|Any CPU
		{1A08DB60-2DA4-4197-9B8A-09289772054F}.Release|Any CPU.Build.0 = Release|Any CPU
		{1FE0EAA0-FB8C-48C6-8FB7-5C021F706BA7}.Debug|Any CPU.ActiveCfg = Debug|Any CPU
		{1FE0EAA0-FB8C-48C6-8FB7-5C021F706BA7}.Debug|Any CPU.Build.0 = Debug|Any CPU
		{1FE0EAA0-FB8C-48C6-8FB7-5C021F706BA7}.Release|Any CPU.ActiveCfg = Release|Any CPU
		{1FE0EAA0-FB8C-48C6-8FB7-5C021F706BA7}.Release|Any CPU.Build.0 = Release|Any CPU
		{FD06BA44-7817-4E62-BFCC-78A0A80FAFCF}.Debug|Any CPU.ActiveCfg = Debug|Any CPU
		{FD06BA44-7817-4E62-BFCC-78A0A80FAFCF}.Debug|Any CPU.Build.0 = Debug|Any CPU
		{FD06BA44-7817-4E62-BFCC-78A0A80FAFCF}.Release|Any CPU.ActiveCfg = Release|Any CPU
		{FD06BA44-7817-4E62-BFCC-78A0A80FAFCF}.Release|Any CPU.Build.0 = Release|Any CPU
		{74136166-4B3F-4749-8077-3BFCAF3708E0}.Debug|Any CPU.ActiveCfg = Debug|Any CPU
		{74136166-4B3F-4749-8077-3BFCAF3708E0}.Debug|Any CPU.Build.0 = Debug|Any CPU
		{74136166-4B3F-4749-8077-3BFCAF3708E0}.Release|Any CPU.ActiveCfg = Release|Any CPU
		{74136166-4B3F-4749-8077-3BFCAF3708E0}.Release|Any CPU.Build.0 = Release|Any CPU
		{25EFF8D3-EFEB-4763-89A5-5FF7906ECC4C}.Debug|Any CPU.ActiveCfg = Debug|Any CPU
		{25EFF8D3-EFEB-4763-89A5-5FF7906ECC4C}.Debug|Any CPU.Build.0 = Debug|Any CPU
		{25EFF8D3-EFEB-4763-89A5-5FF7906ECC4C}.Release|Any CPU.ActiveCfg = Release|Any CPU
		{25EFF8D3-EFEB-4763-89A5-5FF7906ECC4C}.Release|Any CPU.Build.0 = Release|Any CPU
		{FE7DC9A9-17DB-4CF2-89E3-D1250D0485C5}.Debug|Any CPU.ActiveCfg = Debug|Any CPU
		{FE7DC9A9-17DB-4CF2-89E3-D1250D0485C5}.Debug|Any CPU.Build.0 = Debug|Any CPU
		{FE7DC9A9-17DB-4CF2-89E3-D1250D0485C5}.Release|Any CPU.ActiveCfg = Release|Any CPU
		{FE7DC9A9-17DB-4CF2-89E3-D1250D0485C5}.Release|Any CPU.Build.0 = Release|Any CPU
		{DCB9E9E7-5091-43C4-A7E5-F9B23164DBCB}.Debug|Any CPU.ActiveCfg = Debug|Any CPU
		{DCB9E9E7-5091-43C4-A7E5-F9B23164DBCB}.Debug|Any CPU.Build.0 = Debug|Any CPU
		{DCB9E9E7-5091-43C4-A7E5-F9B23164DBCB}.Release|Any CPU.ActiveCfg = Release|Any CPU
		{DCB9E9E7-5091-43C4-A7E5-F9B23164DBCB}.Release|Any CPU.Build.0 = Release|Any CPU
		{26C91D93-980C-4F0C-BDD6-511164C56E05}.Debug|Any CPU.ActiveCfg = Debug|Any CPU
		{26C91D93-980C-4F0C-BDD6-511164C56E05}.Debug|Any CPU.Build.0 = Debug|Any CPU
		{26C91D93-980C-4F0C-BDD6-511164C56E05}.Release|Any CPU.ActiveCfg = Release|Any CPU
		{26C91D93-980C-4F0C-BDD6-511164C56E05}.Release|Any CPU.Build.0 = Release|Any CPU
		{2F84897B-9150-44E5-AE7B-BF130B271D0C}.Debug|Any CPU.ActiveCfg = Debug|Any CPU
		{2F84897B-9150-44E5-AE7B-BF130B271D0C}.Debug|Any CPU.Build.0 = Debug|Any CPU
		{2F84897B-9150-44E5-AE7B-BF130B271D0C}.Release|Any CPU.ActiveCfg = Release|Any CPU
		{2F84897B-9150-44E5-AE7B-BF130B271D0C}.Release|Any CPU.Build.0 = Release|Any CPU
		{F36C83D6-E1ED-429A-8B10-1500E0A34446}.Debug|Any CPU.ActiveCfg = Debug|Any CPU
		{F36C83D6-E1ED-429A-8B10-1500E0A34446}.Debug|Any CPU.Build.0 = Debug|Any CPU
		{F36C83D6-E1ED-429A-8B10-1500E0A34446}.Release|Any CPU.ActiveCfg = Release|Any CPU
		{F36C83D6-E1ED-429A-8B10-1500E0A34446}.Release|Any CPU.Build.0 = Release|Any CPU
		{E1BE0581-8C6D-4693-B55B-A3CFA9BF6446}.Debug|Any CPU.ActiveCfg = Debug|Any CPU
		{E1BE0581-8C6D-4693-B55B-A3CFA9BF6446}.Debug|Any CPU.Build.0 = Debug|Any CPU
		{E1BE0581-8C6D-4693-B55B-A3CFA9BF6446}.Release|Any CPU.ActiveCfg = Release|Any CPU
		{E1BE0581-8C6D-4693-B55B-A3CFA9BF6446}.Release|Any CPU.Build.0 = Release|Any CPU
		{9008DF39-85E6-4B31-80AD-8F5F66ACE9BA}.Debug|Any CPU.ActiveCfg = Debug|Any CPU
		{9008DF39-85E6-4B31-80AD-8F5F66ACE9BA}.Debug|Any CPU.Build.0 = Debug|Any CPU
		{9008DF39-85E6-4B31-80AD-8F5F66ACE9BA}.Release|Any CPU.ActiveCfg = Release|Any CPU
		{9008DF39-85E6-4B31-80AD-8F5F66ACE9BA}.Release|Any CPU.Build.0 = Release|Any CPU
		{14807E5E-4D37-4FD0-9EB7-C67B5D30793B}.Debug|Any CPU.ActiveCfg = Debug|Any CPU
		{14807E5E-4D37-4FD0-9EB7-C67B5D30793B}.Debug|Any CPU.Build.0 = Debug|Any CPU
		{14807E5E-4D37-4FD0-9EB7-C67B5D30793B}.Release|Any CPU.ActiveCfg = Release|Any CPU
		{14807E5E-4D37-4FD0-9EB7-C67B5D30793B}.Release|Any CPU.Build.0 = Release|Any CPU
		{840787D7-B2A5-4BC7-A334-F5B839A6514C}.Debug|Any CPU.ActiveCfg = Debug|Any CPU
		{840787D7-B2A5-4BC7-A334-F5B839A6514C}.Debug|Any CPU.Build.0 = Debug|Any CPU
		{840787D7-B2A5-4BC7-A334-F5B839A6514C}.Release|Any CPU.ActiveCfg = Release|Any CPU
		{840787D7-B2A5-4BC7-A334-F5B839A6514C}.Release|Any CPU.Build.0 = Release|Any CPU
		{2AF2B32E-B9F7-46C1-8015-7012DA0D4176}.Debug|Any CPU.ActiveCfg = Debug|Any CPU
		{2AF2B32E-B9F7-46C1-8015-7012DA0D4176}.Debug|Any CPU.Build.0 = Debug|Any CPU
		{2AF2B32E-B9F7-46C1-8015-7012DA0D4176}.Release|Any CPU.ActiveCfg = Release|Any CPU
		{2AF2B32E-B9F7-46C1-8015-7012DA0D4176}.Release|Any CPU.Build.0 = Release|Any CPU
		{008AE365-82B8-4E17-8B5E-CCDBF032D475}.Debug|Any CPU.ActiveCfg = Debug|Any CPU
		{008AE365-82B8-4E17-8B5E-CCDBF032D475}.Debug|Any CPU.Build.0 = Debug|Any CPU
		{008AE365-82B8-4E17-8B5E-CCDBF032D475}.Release|Any CPU.ActiveCfg = Release|Any CPU
		{008AE365-82B8-4E17-8B5E-CCDBF032D475}.Release|Any CPU.Build.0 = Release|Any CPU
		{106EFA3D-81FC-47E6-A2AC-2A709E2FD807}.Debug|Any CPU.ActiveCfg = Debug|Any CPU
		{106EFA3D-81FC-47E6-A2AC-2A709E2FD807}.Debug|Any CPU.Build.0 = Debug|Any CPU
		{106EFA3D-81FC-47E6-A2AC-2A709E2FD807}.Release|Any CPU.ActiveCfg = Release|Any CPU
		{106EFA3D-81FC-47E6-A2AC-2A709E2FD807}.Release|Any CPU.Build.0 = Release|Any CPU
		{96EDAE2D-882B-4843-84EC-036694B45579}.Debug|Any CPU.ActiveCfg = Debug|Any CPU
		{96EDAE2D-882B-4843-84EC-036694B45579}.Debug|Any CPU.Build.0 = Debug|Any CPU
		{96EDAE2D-882B-4843-84EC-036694B45579}.Release|Any CPU.ActiveCfg = Release|Any CPU
		{96EDAE2D-882B-4843-84EC-036694B45579}.Release|Any CPU.Build.0 = Release|Any CPU
		{D176C2E3-B6A8-4DBA-9CEA-1CB3095D455A}.Debug|Any CPU.ActiveCfg = Debug|Any CPU
		{D176C2E3-B6A8-4DBA-9CEA-1CB3095D455A}.Debug|Any CPU.Build.0 = Debug|Any CPU
		{D176C2E3-B6A8-4DBA-9CEA-1CB3095D455A}.Release|Any CPU.ActiveCfg = Release|Any CPU
		{D176C2E3-B6A8-4DBA-9CEA-1CB3095D455A}.Release|Any CPU.Build.0 = Release|Any CPU
		{F303D40F-1D29-4CAE-BEA0-5A1B18C8F882}.Debug|Any CPU.ActiveCfg = Debug|Any CPU
		{F303D40F-1D29-4CAE-BEA0-5A1B18C8F882}.Debug|Any CPU.Build.0 = Debug|Any CPU
		{F303D40F-1D29-4CAE-BEA0-5A1B18C8F882}.Release|Any CPU.ActiveCfg = Release|Any CPU
		{F303D40F-1D29-4CAE-BEA0-5A1B18C8F882}.Release|Any CPU.Build.0 = Release|Any CPU
		{3516A02E-5B51-4C49-8091-9E1611AFC786}.Debug|Any CPU.ActiveCfg = Debug|Any CPU
		{3516A02E-5B51-4C49-8091-9E1611AFC786}.Debug|Any CPU.Build.0 = Debug|Any CPU
		{3516A02E-5B51-4C49-8091-9E1611AFC786}.Release|Any CPU.ActiveCfg = Release|Any CPU
		{3516A02E-5B51-4C49-8091-9E1611AFC786}.Release|Any CPU.Build.0 = Release|Any CPU
		{97367F25-CDB1-40F2-9B7C-63328B1C40E0}.Debug|Any CPU.ActiveCfg = Debug|Any CPU
		{97367F25-CDB1-40F2-9B7C-63328B1C40E0}.Debug|Any CPU.Build.0 = Debug|Any CPU
		{97367F25-CDB1-40F2-9B7C-63328B1C40E0}.Release|Any CPU.ActiveCfg = Release|Any CPU
		{97367F25-CDB1-40F2-9B7C-63328B1C40E0}.Release|Any CPU.Build.0 = Release|Any CPU
		{66FDCE89-1986-4D23-BCAA-351DF734511F}.Debug|Any CPU.ActiveCfg = Debug|Any CPU
		{66FDCE89-1986-4D23-BCAA-351DF734511F}.Debug|Any CPU.Build.0 = Debug|Any CPU
		{66FDCE89-1986-4D23-BCAA-351DF734511F}.Release|Any CPU.ActiveCfg = Release|Any CPU
		{66FDCE89-1986-4D23-BCAA-351DF734511F}.Release|Any CPU.Build.0 = Release|Any CPU
		{815C6182-E244-4256-BF02-6CCAE4BFCFB8}.Debug|Any CPU.ActiveCfg = Debug|Any CPU
		{815C6182-E244-4256-BF02-6CCAE4BFCFB8}.Debug|Any CPU.Build.0 = Debug|Any CPU
		{815C6182-E244-4256-BF02-6CCAE4BFCFB8}.Release|Any CPU.ActiveCfg = Release|Any CPU
		{815C6182-E244-4256-BF02-6CCAE4BFCFB8}.Release|Any CPU.Build.0 = Release|Any CPU
		{E56E7480-F777-4690-8A5B-14EDB6B0B9C5}.Debug|Any CPU.ActiveCfg = Debug|Any CPU
		{E56E7480-F777-4690-8A5B-14EDB6B0B9C5}.Debug|Any CPU.Build.0 = Debug|Any CPU
		{E56E7480-F777-4690-8A5B-14EDB6B0B9C5}.Release|Any CPU.ActiveCfg = Release|Any CPU
		{E56E7480-F777-4690-8A5B-14EDB6B0B9C5}.Release|Any CPU.Build.0 = Release|Any CPU
		{C965CBCE-A4C2-43F1-8A43-B74112284EF2}.Debug|Any CPU.ActiveCfg = Debug|Any CPU
		{C965CBCE-A4C2-43F1-8A43-B74112284EF2}.Debug|Any CPU.Build.0 = Debug|Any CPU
		{C965CBCE-A4C2-43F1-8A43-B74112284EF2}.Release|Any CPU.ActiveCfg = Release|Any CPU
		{C965CBCE-A4C2-43F1-8A43-B74112284EF2}.Release|Any CPU.Build.0 = Release|Any CPU
		{53CBFEBF-D14C-4EEB-B423-B8053D01BC7E}.Debug|Any CPU.ActiveCfg = Debug|Any CPU
		{53CBFEBF-D14C-4EEB-B423-B8053D01BC7E}.Debug|Any CPU.Build.0 = Debug|Any CPU
		{53CBFEBF-D14C-4EEB-B423-B8053D01BC7E}.Release|Any CPU.ActiveCfg = Release|Any CPU
		{53CBFEBF-D14C-4EEB-B423-B8053D01BC7E}.Release|Any CPU.Build.0 = Release|Any CPU
		{CC077999-7A6D-4FC8-BBD4-3355E4E9585A}.Debug|Any CPU.ActiveCfg = Debug|Any CPU
		{CC077999-7A6D-4FC8-BBD4-3355E4E9585A}.Debug|Any CPU.Build.0 = Debug|Any CPU
		{CC077999-7A6D-4FC8-BBD4-3355E4E9585A}.Release|Any CPU.ActiveCfg = Release|Any CPU
		{CC077999-7A6D-4FC8-BBD4-3355E4E9585A}.Release|Any CPU.Build.0 = Release|Any CPU
		{81281150-B29B-4DAE-91C0-867A15955E11}.Debug|Any CPU.ActiveCfg = Debug|Any CPU
		{81281150-B29B-4DAE-91C0-867A15955E11}.Debug|Any CPU.Build.0 = Debug|Any CPU
		{81281150-B29B-4DAE-91C0-867A15955E11}.Release|Any CPU.ActiveCfg = Release|Any CPU
		{81281150-B29B-4DAE-91C0-867A15955E11}.Release|Any CPU.Build.0 = Release|Any CPU
		{EB91EB9D-48E9-44A4-8B23-38C85C10B10D}.Debug|Any CPU.ActiveCfg = Debug|Any CPU
		{EB91EB9D-48E9-44A4-8B23-38C85C10B10D}.Debug|Any CPU.Build.0 = Debug|Any CPU
		{EB91EB9D-48E9-44A4-8B23-38C85C10B10D}.Release|Any CPU.ActiveCfg = Release|Any CPU
		{EB91EB9D-48E9-44A4-8B23-38C85C10B10D}.Release|Any CPU.Build.0 = Release|Any CPU
		{E9C53F8A-6B8B-40D6-93AD-69CAA3C009BE}.Debug|Any CPU.ActiveCfg = Debug|Any CPU
		{E9C53F8A-6B8B-40D6-93AD-69CAA3C009BE}.Debug|Any CPU.Build.0 = Debug|Any CPU
		{E9C53F8A-6B8B-40D6-93AD-69CAA3C009BE}.Release|Any CPU.ActiveCfg = Release|Any CPU
		{E9C53F8A-6B8B-40D6-93AD-69CAA3C009BE}.Release|Any CPU.Build.0 = Release|Any CPU
		{B70DFB10-E0F3-41B7-AE00-9E801C1F4910}.Debug|Any CPU.ActiveCfg = Debug|Any CPU
		{B70DFB10-E0F3-41B7-AE00-9E801C1F4910}.Debug|Any CPU.Build.0 = Debug|Any CPU
		{B70DFB10-E0F3-41B7-AE00-9E801C1F4910}.Release|Any CPU.ActiveCfg = Release|Any CPU
		{B70DFB10-E0F3-41B7-AE00-9E801C1F4910}.Release|Any CPU.Build.0 = Release|Any CPU
		{0561C778-3E02-4BC2-BA59-5E552D373EBB}.Debug|Any CPU.ActiveCfg = Debug|Any CPU
		{0561C778-3E02-4BC2-BA59-5E552D373EBB}.Debug|Any CPU.Build.0 = Debug|Any CPU
		{0561C778-3E02-4BC2-BA59-5E552D373EBB}.Release|Any CPU.ActiveCfg = Release|Any CPU
		{0561C778-3E02-4BC2-BA59-5E552D373EBB}.Release|Any CPU.Build.0 = Release|Any CPU
		{4BEFDA6A-1340-4A35-8E6C-968166F5D721}.Debug|Any CPU.ActiveCfg = Debug|Any CPU
		{4BEFDA6A-1340-4A35-8E6C-968166F5D721}.Debug|Any CPU.Build.0 = Debug|Any CPU
		{4BEFDA6A-1340-4A35-8E6C-968166F5D721}.Release|Any CPU.ActiveCfg = Release|Any CPU
		{4BEFDA6A-1340-4A35-8E6C-968166F5D721}.Release|Any CPU.Build.0 = Release|Any CPU
		{C1CDC31C-D092-425B-B85C-2CDBA4367296}.Debug|Any CPU.ActiveCfg = Debug|Any CPU
		{C1CDC31C-D092-425B-B85C-2CDBA4367296}.Debug|Any CPU.Build.0 = Debug|Any CPU
		{C1CDC31C-D092-425B-B85C-2CDBA4367296}.Release|Any CPU.ActiveCfg = Release|Any CPU
		{C1CDC31C-D092-425B-B85C-2CDBA4367296}.Release|Any CPU.Build.0 = Release|Any CPU
		{D40F242B-35AD-43D1-920B-68DEE5309DA6}.Debug|Any CPU.ActiveCfg = Debug|Any CPU
		{D40F242B-35AD-43D1-920B-68DEE5309DA6}.Debug|Any CPU.Build.0 = Debug|Any CPU
		{D40F242B-35AD-43D1-920B-68DEE5309DA6}.Release|Any CPU.ActiveCfg = Release|Any CPU
		{D40F242B-35AD-43D1-920B-68DEE5309DA6}.Release|Any CPU.Build.0 = Release|Any CPU
		{E0FE9843-02CF-4882-8AC6-A43C273BF077}.Debug|Any CPU.ActiveCfg = Debug|Any CPU
		{E0FE9843-02CF-4882-8AC6-A43C273BF077}.Debug|Any CPU.Build.0 = Debug|Any CPU
		{E0FE9843-02CF-4882-8AC6-A43C273BF077}.Release|Any CPU.ActiveCfg = Release|Any CPU
		{E0FE9843-02CF-4882-8AC6-A43C273BF077}.Release|Any CPU.Build.0 = Release|Any CPU
		{04299291-21A6-4ECA-A7F9-45702E66791C}.Debug|Any CPU.ActiveCfg = Debug|Any CPU
		{04299291-21A6-4ECA-A7F9-45702E66791C}.Debug|Any CPU.Build.0 = Debug|Any CPU
		{04299291-21A6-4ECA-A7F9-45702E66791C}.Release|Any CPU.ActiveCfg = Release|Any CPU
		{04299291-21A6-4ECA-A7F9-45702E66791C}.Release|Any CPU.Build.0 = Release|Any CPU
		{B3EE0ECC-BAF0-432E-9D33-3C60F2C68C33}.Debug|Any CPU.ActiveCfg = Debug|Any CPU
		{B3EE0ECC-BAF0-432E-9D33-3C60F2C68C33}.Debug|Any CPU.Build.0 = Debug|Any CPU
		{B3EE0ECC-BAF0-432E-9D33-3C60F2C68C33}.Release|Any CPU.ActiveCfg = Release|Any CPU
		{B3EE0ECC-BAF0-432E-9D33-3C60F2C68C33}.Release|Any CPU.Build.0 = Release|Any CPU
		{9B4859B8-5ADD-4C89-9391-347B8C0D5C9A}.Debug|Any CPU.ActiveCfg = Debug|Any CPU
		{9B4859B8-5ADD-4C89-9391-347B8C0D5C9A}.Debug|Any CPU.Build.0 = Debug|Any CPU
		{9B4859B8-5ADD-4C89-9391-347B8C0D5C9A}.Release|Any CPU.ActiveCfg = Release|Any CPU
		{9B4859B8-5ADD-4C89-9391-347B8C0D5C9A}.Release|Any CPU.Build.0 = Release|Any CPU
		{C6844561-7AC4-4084-B78C-210B89F9B2D7}.Debug|Any CPU.ActiveCfg = Debug|Any CPU
		{C6844561-7AC4-4084-B78C-210B89F9B2D7}.Debug|Any CPU.Build.0 = Debug|Any CPU
		{C6844561-7AC4-4084-B78C-210B89F9B2D7}.Release|Any CPU.ActiveCfg = Release|Any CPU
		{C6844561-7AC4-4084-B78C-210B89F9B2D7}.Release|Any CPU.Build.0 = Release|Any CPU
		{FB892294-E029-426A-83A7-97224B3ED6D6}.Debug|Any CPU.ActiveCfg = Debug|Any CPU
		{FB892294-E029-426A-83A7-97224B3ED6D6}.Debug|Any CPU.Build.0 = Debug|Any CPU
		{FB892294-E029-426A-83A7-97224B3ED6D6}.Release|Any CPU.ActiveCfg = Release|Any CPU
		{FB892294-E029-426A-83A7-97224B3ED6D6}.Release|Any CPU.Build.0 = Release|Any CPU
		{C269327E-E4D5-40BA-895D-A42010EE8908}.Debug|Any CPU.ActiveCfg = Debug|Any CPU
		{C269327E-E4D5-40BA-895D-A42010EE8908}.Debug|Any CPU.Build.0 = Debug|Any CPU
		{C269327E-E4D5-40BA-895D-A42010EE8908}.Release|Any CPU.ActiveCfg = Release|Any CPU
		{C269327E-E4D5-40BA-895D-A42010EE8908}.Release|Any CPU.Build.0 = Release|Any CPU
		{68EB54EC-C1DC-4247-B7AE-66032291BC3C}.Debug|Any CPU.ActiveCfg = Debug|Any CPU
		{68EB54EC-C1DC-4247-B7AE-66032291BC3C}.Debug|Any CPU.Build.0 = Debug|Any CPU
		{68EB54EC-C1DC-4247-B7AE-66032291BC3C}.Release|Any CPU.ActiveCfg = Release|Any CPU
		{68EB54EC-C1DC-4247-B7AE-66032291BC3C}.Release|Any CPU.Build.0 = Release|Any CPU
		{04801D36-35EC-49E8-A8C6-4B97BE0F7C46}.Debug|Any CPU.ActiveCfg = Debug|Any CPU
		{04801D36-35EC-49E8-A8C6-4B97BE0F7C46}.Debug|Any CPU.Build.0 = Debug|Any CPU
		{04801D36-35EC-49E8-A8C6-4B97BE0F7C46}.Release|Any CPU.ActiveCfg = Release|Any CPU
		{04801D36-35EC-49E8-A8C6-4B97BE0F7C46}.Release|Any CPU.Build.0 = Release|Any CPU
		{DF40117B-10D7-4680-8FD2-88C31008947F}.Debug|Any CPU.ActiveCfg = Debug|Any CPU
		{DF40117B-10D7-4680-8FD2-88C31008947F}.Debug|Any CPU.Build.0 = Debug|Any CPU
		{DF40117B-10D7-4680-8FD2-88C31008947F}.Release|Any CPU.ActiveCfg = Release|Any CPU
		{DF40117B-10D7-4680-8FD2-88C31008947F}.Release|Any CPU.Build.0 = Release|Any CPU
		{B7D5E5DC-0A11-4264-AAA4-69562B1F37EF}.Debug|Any CPU.ActiveCfg = Debug|Any CPU
		{B7D5E5DC-0A11-4264-AAA4-69562B1F37EF}.Debug|Any CPU.Build.0 = Debug|Any CPU
		{B7D5E5DC-0A11-4264-AAA4-69562B1F37EF}.Release|Any CPU.ActiveCfg = Release|Any CPU
		{B7D5E5DC-0A11-4264-AAA4-69562B1F37EF}.Release|Any CPU.Build.0 = Release|Any CPU
		{740E8944-ABF1-4A89-8CB5-355440C009BF}.Debug|Any CPU.ActiveCfg = Debug|Any CPU
		{740E8944-ABF1-4A89-8CB5-355440C009BF}.Debug|Any CPU.Build.0 = Debug|Any CPU
		{740E8944-ABF1-4A89-8CB5-355440C009BF}.Release|Any CPU.ActiveCfg = Release|Any CPU
		{740E8944-ABF1-4A89-8CB5-355440C009BF}.Release|Any CPU.Build.0 = Release|Any CPU
		{40CE346B-9448-4B36-ACD0-9396C024EEA3}.Debug|Any CPU.ActiveCfg = Debug|Any CPU
		{40CE346B-9448-4B36-ACD0-9396C024EEA3}.Debug|Any CPU.Build.0 = Debug|Any CPU
		{40CE346B-9448-4B36-ACD0-9396C024EEA3}.Release|Any CPU.ActiveCfg = Release|Any CPU
		{40CE346B-9448-4B36-ACD0-9396C024EEA3}.Release|Any CPU.Build.0 = Release|Any CPU
		{B201F28D-25F7-4248-BFED-F7ACD65F9242}.Debug|Any CPU.ActiveCfg = Debug|Any CPU
		{B201F28D-25F7-4248-BFED-F7ACD65F9242}.Debug|Any CPU.Build.0 = Debug|Any CPU
		{B201F28D-25F7-4248-BFED-F7ACD65F9242}.Release|Any CPU.ActiveCfg = Release|Any CPU
		{B201F28D-25F7-4248-BFED-F7ACD65F9242}.Release|Any CPU.Build.0 = Release|Any CPU
		{B7A276A2-ABBC-47FC-BFCD-008FB80082B8}.Debug|Any CPU.ActiveCfg = Debug|Any CPU
		{B7A276A2-ABBC-47FC-BFCD-008FB80082B8}.Debug|Any CPU.Build.0 = Debug|Any CPU
		{B7A276A2-ABBC-47FC-BFCD-008FB80082B8}.Release|Any CPU.ActiveCfg = Release|Any CPU
		{B7A276A2-ABBC-47FC-BFCD-008FB80082B8}.Release|Any CPU.Build.0 = Release|Any CPU
		{5068FAF0-B27E-4D3C-94FB-9D8A87559AD6}.Debug|Any CPU.ActiveCfg = Debug|Any CPU
		{5068FAF0-B27E-4D3C-94FB-9D8A87559AD6}.Debug|Any CPU.Build.0 = Debug|Any CPU
		{5068FAF0-B27E-4D3C-94FB-9D8A87559AD6}.Release|Any CPU.ActiveCfg = Release|Any CPU
		{5068FAF0-B27E-4D3C-94FB-9D8A87559AD6}.Release|Any CPU.Build.0 = Release|Any CPU
		{561C403E-5877-4DD0-9B5B-D8B75AF20B02}.Debug|Any CPU.ActiveCfg = Debug|Any CPU
		{561C403E-5877-4DD0-9B5B-D8B75AF20B02}.Debug|Any CPU.Build.0 = Debug|Any CPU
		{561C403E-5877-4DD0-9B5B-D8B75AF20B02}.Release|Any CPU.ActiveCfg = Release|Any CPU
		{561C403E-5877-4DD0-9B5B-D8B75AF20B02}.Release|Any CPU.Build.0 = Release|Any CPU
		{B57BE5CC-E475-4F2B-8E8C-A37B3B2A97D1}.Debug|Any CPU.ActiveCfg = Debug|Any CPU
		{B57BE5CC-E475-4F2B-8E8C-A37B3B2A97D1}.Debug|Any CPU.Build.0 = Debug|Any CPU
		{B57BE5CC-E475-4F2B-8E8C-A37B3B2A97D1}.Release|Any CPU.ActiveCfg = Release|Any CPU
		{B57BE5CC-E475-4F2B-8E8C-A37B3B2A97D1}.Release|Any CPU.Build.0 = Release|Any CPU
		{732B961E-8344-406C-A441-0B0BE1FB07FA}.Debug|Any CPU.ActiveCfg = Debug|Any CPU
		{732B961E-8344-406C-A441-0B0BE1FB07FA}.Debug|Any CPU.Build.0 = Debug|Any CPU
		{732B961E-8344-406C-A441-0B0BE1FB07FA}.Release|Any CPU.ActiveCfg = Release|Any CPU
		{732B961E-8344-406C-A441-0B0BE1FB07FA}.Release|Any CPU.Build.0 = Release|Any CPU
		{3064AE5A-2339-4F3A-9175-83BC29A208DE}.Debug|Any CPU.ActiveCfg = Debug|Any CPU
		{3064AE5A-2339-4F3A-9175-83BC29A208DE}.Debug|Any CPU.Build.0 = Debug|Any CPU
		{3064AE5A-2339-4F3A-9175-83BC29A208DE}.Release|Any CPU.ActiveCfg = Release|Any CPU
		{3064AE5A-2339-4F3A-9175-83BC29A208DE}.Release|Any CPU.Build.0 = Release|Any CPU
		{E872D4CD-B763-4263-88BA-8B61A0E5DECD}.Debug|Any CPU.ActiveCfg = Debug|Any CPU
		{E872D4CD-B763-4263-88BA-8B61A0E5DECD}.Debug|Any CPU.Build.0 = Debug|Any CPU
		{E872D4CD-B763-4263-88BA-8B61A0E5DECD}.Release|Any CPU.ActiveCfg = Release|Any CPU
		{E872D4CD-B763-4263-88BA-8B61A0E5DECD}.Release|Any CPU.Build.0 = Release|Any CPU
		{5744C8DA-1DD8-46D4-91E1-EA27659FC863}.Debug|Any CPU.ActiveCfg = Debug|Any CPU
		{5744C8DA-1DD8-46D4-91E1-EA27659FC863}.Debug|Any CPU.Build.0 = Debug|Any CPU
		{5744C8DA-1DD8-46D4-91E1-EA27659FC863}.Release|Any CPU.ActiveCfg = Release|Any CPU
		{5744C8DA-1DD8-46D4-91E1-EA27659FC863}.Release|Any CPU.Build.0 = Release|Any CPU
		{3BB025D1-2A84-4AAF-98E1-9305C0BC712E}.Debug|Any CPU.ActiveCfg = Debug|Any CPU
		{3BB025D1-2A84-4AAF-98E1-9305C0BC712E}.Debug|Any CPU.Build.0 = Debug|Any CPU
		{3BB025D1-2A84-4AAF-98E1-9305C0BC712E}.Release|Any CPU.ActiveCfg = Release|Any CPU
		{3BB025D1-2A84-4AAF-98E1-9305C0BC712E}.Release|Any CPU.Build.0 = Release|Any CPU
		{6E324050-48B9-45FF-AACE-18C36682EE21}.Debug|Any CPU.ActiveCfg = Debug|Any CPU
		{6E324050-48B9-45FF-AACE-18C36682EE21}.Debug|Any CPU.Build.0 = Debug|Any CPU
		{6E324050-48B9-45FF-AACE-18C36682EE21}.Release|Any CPU.ActiveCfg = Release|Any CPU
		{6E324050-48B9-45FF-AACE-18C36682EE21}.Release|Any CPU.Build.0 = Release|Any CPU
		{5FEE6379-0C93-41EF-9D4C-CA0386582454}.Debug|Any CPU.ActiveCfg = Debug|Any CPU
		{5FEE6379-0C93-41EF-9D4C-CA0386582454}.Debug|Any CPU.Build.0 = Debug|Any CPU
		{5FEE6379-0C93-41EF-9D4C-CA0386582454}.Release|Any CPU.ActiveCfg = Release|Any CPU
		{5FEE6379-0C93-41EF-9D4C-CA0386582454}.Release|Any CPU.Build.0 = Release|Any CPU
		{FACACEFA-F221-44E5-9A5A-C2BD265CAA04}.Debug|Any CPU.ActiveCfg = Debug|Any CPU
		{FACACEFA-F221-44E5-9A5A-C2BD265CAA04}.Debug|Any CPU.Build.0 = Debug|Any CPU
		{FACACEFA-F221-44E5-9A5A-C2BD265CAA04}.Release|Any CPU.ActiveCfg = Release|Any CPU
		{FACACEFA-F221-44E5-9A5A-C2BD265CAA04}.Release|Any CPU.Build.0 = Release|Any CPU
		{7673A19A-42A6-4D4B-91F3-D5951899E464}.Debug|Any CPU.ActiveCfg = Debug|Any CPU
		{7673A19A-42A6-4D4B-91F3-D5951899E464}.Debug|Any CPU.Build.0 = Debug|Any CPU
		{7673A19A-42A6-4D4B-91F3-D5951899E464}.Release|Any CPU.ActiveCfg = Release|Any CPU
		{7673A19A-42A6-4D4B-91F3-D5951899E464}.Release|Any CPU.Build.0 = Release|Any CPU
		{BC6FC651-55EB-441F-BD5F-74D7E21C235F}.Debug|Any CPU.ActiveCfg = Debug|Any CPU
		{BC6FC651-55EB-441F-BD5F-74D7E21C235F}.Debug|Any CPU.Build.0 = Debug|Any CPU
		{BC6FC651-55EB-441F-BD5F-74D7E21C235F}.Release|Any CPU.ActiveCfg = Release|Any CPU
		{BC6FC651-55EB-441F-BD5F-74D7E21C235F}.Release|Any CPU.Build.0 = Release|Any CPU
		{D88D69E9-E72E-473C-A0B7-12CD4E9C1E09}.Debug|Any CPU.ActiveCfg = Debug|Any CPU
		{D88D69E9-E72E-473C-A0B7-12CD4E9C1E09}.Debug|Any CPU.Build.0 = Debug|Any CPU
		{D88D69E9-E72E-473C-A0B7-12CD4E9C1E09}.Release|Any CPU.ActiveCfg = Release|Any CPU
		{D88D69E9-E72E-473C-A0B7-12CD4E9C1E09}.Release|Any CPU.Build.0 = Release|Any CPU
		{3E9FA047-A906-4E6D-86C6-6DCB4AC84549}.Debug|Any CPU.ActiveCfg = Debug|Any CPU
		{3E9FA047-A906-4E6D-86C6-6DCB4AC84549}.Debug|Any CPU.Build.0 = Debug|Any CPU
		{3E9FA047-A906-4E6D-86C6-6DCB4AC84549}.Release|Any CPU.ActiveCfg = Release|Any CPU
		{3E9FA047-A906-4E6D-86C6-6DCB4AC84549}.Release|Any CPU.Build.0 = Release|Any CPU
		{F416A14A-7C68-4364-A43A-A6AD88DB48CE}.Debug|Any CPU.ActiveCfg = Debug|Any CPU
		{F416A14A-7C68-4364-A43A-A6AD88DB48CE}.Debug|Any CPU.Build.0 = Debug|Any CPU
		{F416A14A-7C68-4364-A43A-A6AD88DB48CE}.Release|Any CPU.ActiveCfg = Release|Any CPU
		{F416A14A-7C68-4364-A43A-A6AD88DB48CE}.Release|Any CPU.Build.0 = Release|Any CPU
		{86A57DE5-47B9-47BB-9058-E851430DF98E}.Debug|Any CPU.ActiveCfg = Debug|Any CPU
		{86A57DE5-47B9-47BB-9058-E851430DF98E}.Debug|Any CPU.Build.0 = Debug|Any CPU
		{86A57DE5-47B9-47BB-9058-E851430DF98E}.Release|Any CPU.ActiveCfg = Release|Any CPU
		{86A57DE5-47B9-47BB-9058-E851430DF98E}.Release|Any CPU.Build.0 = Release|Any CPU
		{E4FF1938-0723-4DF8-B116-ED1C65C4BDEF}.Debug|Any CPU.ActiveCfg = Debug|Any CPU
		{E4FF1938-0723-4DF8-B116-ED1C65C4BDEF}.Debug|Any CPU.Build.0 = Debug|Any CPU
		{E4FF1938-0723-4DF8-B116-ED1C65C4BDEF}.Release|Any CPU.ActiveCfg = Release|Any CPU
		{E4FF1938-0723-4DF8-B116-ED1C65C4BDEF}.Release|Any CPU.Build.0 = Release|Any CPU
		{26B5FD90-B520-4E16-B921-D373816982B6}.Debug|Any CPU.ActiveCfg = Debug|Any CPU
		{26B5FD90-B520-4E16-B921-D373816982B6}.Debug|Any CPU.Build.0 = Debug|Any CPU
		{26B5FD90-B520-4E16-B921-D373816982B6}.Release|Any CPU.ActiveCfg = Release|Any CPU
		{26B5FD90-B520-4E16-B921-D373816982B6}.Release|Any CPU.Build.0 = Release|Any CPU
		{C9CDFDAC-74C7-46FD-AA0F-C434EFBCB502}.Debug|Any CPU.ActiveCfg = Debug|Any CPU
		{C9CDFDAC-74C7-46FD-AA0F-C434EFBCB502}.Debug|Any CPU.Build.0 = Debug|Any CPU
		{C9CDFDAC-74C7-46FD-AA0F-C434EFBCB502}.Release|Any CPU.ActiveCfg = Release|Any CPU
		{C9CDFDAC-74C7-46FD-AA0F-C434EFBCB502}.Release|Any CPU.Build.0 = Release|Any CPU
		{13B99DFA-2126-4B1A-B58B-BD692ECA3F92}.Debug|Any CPU.ActiveCfg = Debug|Any CPU
		{13B99DFA-2126-4B1A-B58B-BD692ECA3F92}.Debug|Any CPU.Build.0 = Debug|Any CPU
		{13B99DFA-2126-4B1A-B58B-BD692ECA3F92}.Release|Any CPU.ActiveCfg = Release|Any CPU
		{13B99DFA-2126-4B1A-B58B-BD692ECA3F92}.Release|Any CPU.Build.0 = Release|Any CPU
		{60252EBC-1F5E-4640-825B-F1ED3C8663C4}.Debug|Any CPU.ActiveCfg = Debug|Any CPU
		{60252EBC-1F5E-4640-825B-F1ED3C8663C4}.Debug|Any CPU.Build.0 = Debug|Any CPU
		{60252EBC-1F5E-4640-825B-F1ED3C8663C4}.Release|Any CPU.ActiveCfg = Release|Any CPU
		{60252EBC-1F5E-4640-825B-F1ED3C8663C4}.Release|Any CPU.Build.0 = Release|Any CPU
		{D48AE13D-EDCC-427A-8599-AE55E06B0914}.Debug|Any CPU.ActiveCfg = Debug|Any CPU
		{D48AE13D-EDCC-427A-8599-AE55E06B0914}.Debug|Any CPU.Build.0 = Debug|Any CPU
		{D48AE13D-EDCC-427A-8599-AE55E06B0914}.Release|Any CPU.ActiveCfg = Release|Any CPU
		{D48AE13D-EDCC-427A-8599-AE55E06B0914}.Release|Any CPU.Build.0 = Release|Any CPU
		{EC210CCC-2346-46CC-8989-131CD4DD7728}.Debug|Any CPU.ActiveCfg = Debug|Any CPU
		{EC210CCC-2346-46CC-8989-131CD4DD7728}.Debug|Any CPU.Build.0 = Debug|Any CPU
		{EC210CCC-2346-46CC-8989-131CD4DD7728}.Release|Any CPU.ActiveCfg = Release|Any CPU
		{EC210CCC-2346-46CC-8989-131CD4DD7728}.Release|Any CPU.Build.0 = Release|Any CPU
		{202F9E47-213C-4D31-8F2F-2EA18DE6E8A6}.Debug|Any CPU.ActiveCfg = Debug|Any CPU
		{202F9E47-213C-4D31-8F2F-2EA18DE6E8A6}.Debug|Any CPU.Build.0 = Debug|Any CPU
		{202F9E47-213C-4D31-8F2F-2EA18DE6E8A6}.Release|Any CPU.ActiveCfg = Release|Any CPU
		{202F9E47-213C-4D31-8F2F-2EA18DE6E8A6}.Release|Any CPU.Build.0 = Release|Any CPU
		{085977ED-4FC8-4E0D-B3AC-200185C84713}.Debug|Any CPU.ActiveCfg = Debug|Any CPU
		{085977ED-4FC8-4E0D-B3AC-200185C84713}.Debug|Any CPU.Build.0 = Debug|Any CPU
		{085977ED-4FC8-4E0D-B3AC-200185C84713}.Release|Any CPU.ActiveCfg = Release|Any CPU
		{085977ED-4FC8-4E0D-B3AC-200185C84713}.Release|Any CPU.Build.0 = Release|Any CPU
		{7FBABD96-74D9-4A1B-8320-011389730460}.Debug|Any CPU.ActiveCfg = Debug|Any CPU
		{7FBABD96-74D9-4A1B-8320-011389730460}.Debug|Any CPU.Build.0 = Debug|Any CPU
		{7FBABD96-74D9-4A1B-8320-011389730460}.Release|Any CPU.ActiveCfg = Release|Any CPU
		{7FBABD96-74D9-4A1B-8320-011389730460}.Release|Any CPU.Build.0 = Release|Any CPU
		{87EAF34D-61B3-4C88-ABD2-6B39EC04DAC6}.Debug|Any CPU.ActiveCfg = Debug|Any CPU
		{87EAF34D-61B3-4C88-ABD2-6B39EC04DAC6}.Debug|Any CPU.Build.0 = Debug|Any CPU
		{87EAF34D-61B3-4C88-ABD2-6B39EC04DAC6}.Release|Any CPU.ActiveCfg = Release|Any CPU
		{87EAF34D-61B3-4C88-ABD2-6B39EC04DAC6}.Release|Any CPU.Build.0 = Release|Any CPU
		{3E5FCC43-7841-458D-9A85-725BD4ADB2B1}.Debug|Any CPU.ActiveCfg = Debug|Any CPU
		{3E5FCC43-7841-458D-9A85-725BD4ADB2B1}.Debug|Any CPU.Build.0 = Debug|Any CPU
		{3E5FCC43-7841-458D-9A85-725BD4ADB2B1}.Release|Any CPU.ActiveCfg = Release|Any CPU
		{3E5FCC43-7841-458D-9A85-725BD4ADB2B1}.Release|Any CPU.Build.0 = Release|Any CPU
		{C283DDFE-94FC-4520-A01F-E2BFDEC10AF9}.Debug|Any CPU.ActiveCfg = Debug|Any CPU
		{C283DDFE-94FC-4520-A01F-E2BFDEC10AF9}.Debug|Any CPU.Build.0 = Debug|Any CPU
		{C283DDFE-94FC-4520-A01F-E2BFDEC10AF9}.Release|Any CPU.ActiveCfg = Release|Any CPU
		{C283DDFE-94FC-4520-A01F-E2BFDEC10AF9}.Release|Any CPU.Build.0 = Release|Any CPU
		{FA548B1D-47F8-4182-8934-5612CC02A4D6}.Debug|Any CPU.ActiveCfg = Debug|Any CPU
		{FA548B1D-47F8-4182-8934-5612CC02A4D6}.Debug|Any CPU.Build.0 = Debug|Any CPU
		{FA548B1D-47F8-4182-8934-5612CC02A4D6}.Release|Any CPU.ActiveCfg = Release|Any CPU
		{FA548B1D-47F8-4182-8934-5612CC02A4D6}.Release|Any CPU.Build.0 = Release|Any CPU
		{6F2027EF-7C8D-4A35-915B-6D2A87BA35CC}.Debug|Any CPU.ActiveCfg = Debug|Any CPU
		{6F2027EF-7C8D-4A35-915B-6D2A87BA35CC}.Debug|Any CPU.Build.0 = Debug|Any CPU
		{6F2027EF-7C8D-4A35-915B-6D2A87BA35CC}.Release|Any CPU.ActiveCfg = Release|Any CPU
		{6F2027EF-7C8D-4A35-915B-6D2A87BA35CC}.Release|Any CPU.Build.0 = Release|Any CPU
		{D2ED1026-D212-43F8-AACD-93B2614F2EB4}.Debug|Any CPU.ActiveCfg = Debug|Any CPU
		{D2ED1026-D212-43F8-AACD-93B2614F2EB4}.Debug|Any CPU.Build.0 = Debug|Any CPU
		{D2ED1026-D212-43F8-AACD-93B2614F2EB4}.Release|Any CPU.ActiveCfg = Release|Any CPU
		{D2ED1026-D212-43F8-AACD-93B2614F2EB4}.Release|Any CPU.Build.0 = Release|Any CPU
		{87AA8689-BE3A-46DE-9F91-E0CE0F270D86}.Debug|Any CPU.ActiveCfg = Debug|Any CPU
		{87AA8689-BE3A-46DE-9F91-E0CE0F270D86}.Debug|Any CPU.Build.0 = Debug|Any CPU
		{87AA8689-BE3A-46DE-9F91-E0CE0F270D86}.Release|Any CPU.ActiveCfg = Release|Any CPU
		{87AA8689-BE3A-46DE-9F91-E0CE0F270D86}.Release|Any CPU.Build.0 = Release|Any CPU
		{1515DD18-9CA5-499B-A0AE-1E8175E8EF0B}.Debug|Any CPU.ActiveCfg = Debug|Any CPU
		{1515DD18-9CA5-499B-A0AE-1E8175E8EF0B}.Debug|Any CPU.Build.0 = Debug|Any CPU
		{1515DD18-9CA5-499B-A0AE-1E8175E8EF0B}.Release|Any CPU.ActiveCfg = Release|Any CPU
		{1515DD18-9CA5-499B-A0AE-1E8175E8EF0B}.Release|Any CPU.Build.0 = Release|Any CPU
		{D5213CBC-05A2-4D6E-933B-B45113F0FE55}.Debug|Any CPU.ActiveCfg = Debug|Any CPU
		{D5213CBC-05A2-4D6E-933B-B45113F0FE55}.Debug|Any CPU.Build.0 = Debug|Any CPU
		{D5213CBC-05A2-4D6E-933B-B45113F0FE55}.Release|Any CPU.ActiveCfg = Release|Any CPU
		{D5213CBC-05A2-4D6E-933B-B45113F0FE55}.Release|Any CPU.Build.0 = Release|Any CPU
		{B40E5004-2DD4-41EF-A604-F96FB0711C28}.Debug|Any CPU.ActiveCfg = Debug|Any CPU
		{B40E5004-2DD4-41EF-A604-F96FB0711C28}.Debug|Any CPU.Build.0 = Debug|Any CPU
		{B40E5004-2DD4-41EF-A604-F96FB0711C28}.Release|Any CPU.ActiveCfg = Release|Any CPU
		{B40E5004-2DD4-41EF-A604-F96FB0711C28}.Release|Any CPU.Build.0 = Release|Any CPU
		{219D86B8-CDFE-43B8-A150-A8916A572C49}.Debug|Any CPU.ActiveCfg = Debug|Any CPU
		{219D86B8-CDFE-43B8-A150-A8916A572C49}.Debug|Any CPU.Build.0 = Debug|Any CPU
		{219D86B8-CDFE-43B8-A150-A8916A572C49}.Release|Any CPU.ActiveCfg = Release|Any CPU
		{219D86B8-CDFE-43B8-A150-A8916A572C49}.Release|Any CPU.Build.0 = Release|Any CPU
		{5D7E7883-2EE0-457F-AC28-CEA7BCE1B817}.Debug|Any CPU.ActiveCfg = Debug|Any CPU
		{5D7E7883-2EE0-457F-AC28-CEA7BCE1B817}.Debug|Any CPU.Build.0 = Debug|Any CPU
		{5D7E7883-2EE0-457F-AC28-CEA7BCE1B817}.Release|Any CPU.ActiveCfg = Release|Any CPU
		{5D7E7883-2EE0-457F-AC28-CEA7BCE1B817}.Release|Any CPU.Build.0 = Release|Any CPU
		{35F659B4-8D79-4DE4-BF26-6EBCEB1FCDA0}.Debug|Any CPU.ActiveCfg = Debug|Any CPU
		{35F659B4-8D79-4DE4-BF26-6EBCEB1FCDA0}.Debug|Any CPU.Build.0 = Debug|Any CPU
		{35F659B4-8D79-4DE4-BF26-6EBCEB1FCDA0}.Release|Any CPU.ActiveCfg = Release|Any CPU
		{35F659B4-8D79-4DE4-BF26-6EBCEB1FCDA0}.Release|Any CPU.Build.0 = Release|Any CPU
		{C99AA2DD-6F41-407B-B425-E09E0CF5D51E}.Debug|Any CPU.ActiveCfg = Debug|Any CPU
		{C99AA2DD-6F41-407B-B425-E09E0CF5D51E}.Debug|Any CPU.Build.0 = Debug|Any CPU
		{C99AA2DD-6F41-407B-B425-E09E0CF5D51E}.Release|Any CPU.ActiveCfg = Release|Any CPU
		{C99AA2DD-6F41-407B-B425-E09E0CF5D51E}.Release|Any CPU.Build.0 = Release|Any CPU
		{CEAF811C-3E29-4E08-9A57-5FB193BB3601}.Debug|Any CPU.ActiveCfg = Debug|Any CPU
		{CEAF811C-3E29-4E08-9A57-5FB193BB3601}.Debug|Any CPU.Build.0 = Debug|Any CPU
		{CEAF811C-3E29-4E08-9A57-5FB193BB3601}.Release|Any CPU.ActiveCfg = Release|Any CPU
		{CEAF811C-3E29-4E08-9A57-5FB193BB3601}.Release|Any CPU.Build.0 = Release|Any CPU
	EndGlobalSection
	GlobalSection(SolutionProperties) = preSolution
		HideSolutionNode = FALSE
	EndGlobalSection
	GlobalSection(ExtensibilityGlobals) = postSolution
		SolutionGuid = {077E1403-F8C6-4D09-B651-8B8A9E7E3226}
	EndGlobalSection
EndGlobal
