
Microsoft Visual Studio Solution File, Format Version 12.00
# Visual Studio Version 17
VisualStudioVersion = 17.2.32630.192
MinimumVisualStudioVersion = 10.0.40219.1
Project("{9A19103F-16F7-4668-BE54-9A1E7A4F7556}") = "R5T.O0013", "R5T.O0013\R5T.O0013.csproj", "{318A4E2E-F197-4183-ACBF-4CD9833679F0}"
EndProject
Global
	GlobalSection(SolutionConfigurationPlatforms) = preSolution
		Debug|Any CPU = Debug|Any CPU
		Release|Any CPU = Release|Any CPU
	EndGlobalSection
	GlobalSection(ProjectConfigurationPlatforms) = postSolution
		{318A4E2E-F197-4183-ACBF-4CD9833679F0}.Debug|Any CPU.ActiveCfg = Debug|Any CPU
		{318A4E2E-F197-4183-ACBF-4CD9833679F0}.Debug|Any CPU.Build.0 = Debug|Any CPU
		{318A4E2E-F197-4183-ACBF-4CD9833679F0}.Release|Any CPU.ActiveCfg = Release|Any CPU
		{318A4E2E-F197-4183-ACBF-4CD9833679F0}.Release|Any CPU.Build.0 = Release|Any CPU
	EndGlobalSection
	GlobalSection(SolutionProperties) = preSolution
		HideSolutionNode = FALSE
	EndGlobalSection
	GlobalSection(ExtensibilityGlobals) = postSolution
		SolutionGuid = {077E1403-F8C6-4D09-B651-8B8A9E7E3226}
	EndGlobalSection
EndGlobal
